{
  "version": 4,
  "terraform_version": "1.3.7",
  "serial": 53,
  "lineage": "c79803c2-7140-6fa4-9956-92d5e8ff932e",
  "outputs": {},
  "resources": [
    {
      "mode": "managed",
      "type": "azurerm_app_service_certificate",
      "name": "res-35",
      "provider": "provider[\"registry.terraform.io/hashicorp/azurerm\"]",
      "instances": [
        {
          "schema_version": 0,
          "attributes": {
            "app_service_plan_id": null,
            "expiration_date": "2024-06-17T23:59:59Z",
            "friendly_name": "joshikun-cert",
            "host_names": [
              "*.joshikun.com"
            ],
            "hosting_environment_profile_id": null,
            "id": "/subscriptions/c3df6b60-25b3-4b7c-a9a5-ccf154f68963/resourceGroups/Arch-wordpress-poc/providers/Microsoft.Web/certificates/joshikun.com-archintranet",
            "issue_date": "2023-06-18T00:00:00Z",
            "issuer": "GeoTrust TLS RSA CA G1",
            "key_vault_secret_id": null,
            "location": "eastus2",
            "name": "joshikun.com-archintranet",
            "password": null,
            "pfx_blob": null,
            "resource_group_name": "Arch-wordpress-poc",
            "subject_name": "*.joshikun.com",
            "tags": {},
            "thumbprint": "93B4C88124C770EEEEEE439B474290CB85AFB404",
            "timeouts": null
          },
          "sensitive_attributes": [],
          "private": "eyJlMmJmYjczMC1lY2FhLTExZTYtOGY4OC0zNDM2M2JjN2M0YzAiOnsiY3JlYXRlIjoxODAwMDAwMDAwMDAwLCJkZWxldGUiOjE4MDAwMDAwMDAwMDAsInJlYWQiOjMwMDAwMDAwMDAwMCwidXBkYXRlIjoxODAwMDAwMDAwMDAwfSwic2NoZW1hX3ZlcnNpb24iOiIwIn0="
        }
      ]
    },
    {
      "mode": "managed",
      "type": "azurerm_app_service_custom_hostname_binding",
      "name": "res-41",
      "provider": "provider[\"registry.terraform.io/hashicorp/azurerm\"]",
      "instances": [
        {
          "schema_version": 0,
          "attributes": {
            "app_service_name": "archintranet",
            "hostname": "*.joshikun.com",
            "id": "/subscriptions/c3df6b60-25b3-4b7c-a9a5-ccf154f68963/resourceGroups/Arch-wordpress-poc/providers/Microsoft.Web/sites/archintranet/hostNameBindings/*.joshikun.com",
            "resource_group_name": "Arch-wordpress-poc",
            "ssl_state": "SniEnabled",
            "thumbprint": "93B4C88124C770EEEEEE439B474290CB85AFB404",
            "timeouts": null,
            "virtual_ip": ""
          },
          "sensitive_attributes": [],
          "private": "eyJlMmJmYjczMC1lY2FhLTExZTYtOGY4OC0zNDM2M2JjN2M0YzAiOnsiY3JlYXRlIjoxODAwMDAwMDAwMDAwLCJkZWxldGUiOjE4MDAwMDAwMDAwMDAsInJlYWQiOjMwMDAwMDAwMDAwMCwidXBkYXRlIjoxODAwMDAwMDAwMDAwfSwic2NoZW1hX3ZlcnNpb24iOiIwIn0="
        }
      ]
    },
    {
      "mode": "managed",
      "type": "azurerm_app_service_custom_hostname_binding",
      "name": "res-42",
      "provider": "provider[\"registry.terraform.io/hashicorp/azurerm\"]",
      "instances": [
        {
          "schema_version": 0,
          "attributes": {
            "app_service_name": "archintranet",
            "hostname": "archintranet.azurewebsites.net",
            "id": "/subscriptions/c3df6b60-25b3-4b7c-a9a5-ccf154f68963/resourceGroups/Arch-wordpress-poc/providers/Microsoft.Web/sites/archintranet/hostNameBindings/archintranet.azurewebsites.net",
            "resource_group_name": "Arch-wordpress-poc",
            "ssl_state": "",
            "thumbprint": "",
            "timeouts": null,
            "virtual_ip": ""
          },
          "sensitive_attributes": [],
          "private": "eyJlMmJmYjczMC1lY2FhLTExZTYtOGY4OC0zNDM2M2JjN2M0YzAiOnsiY3JlYXRlIjoxODAwMDAwMDAwMDAwLCJkZWxldGUiOjE4MDAwMDAwMDAwMDAsInJlYWQiOjMwMDAwMDAwMDAwMCwidXBkYXRlIjoxODAwMDAwMDAwMDAwfSwic2NoZW1hX3ZlcnNpb24iOiIwIn0="
        }
      ]
    },
    {
      "mode": "managed",
      "type": "azurerm_application_gateway",
      "name": "res-19",
      "provider": "provider[\"registry.terraform.io/hashicorp/azurerm\"]",
      "instances": [
        {
          "schema_version": 0,
          "attributes": {
            "authentication_certificate": [],
            "autoscale_configuration": [
              {
                "max_capacity": 10,
                "min_capacity": 0
              }
            ],
            "backend_address_pool": [
              {
                "fqdns": [
                  "archintran229a63044e.blob.core.windows.net"
                ],
                "id": "/subscriptions/c3df6b60-25b3-4b7c-a9a5-ccf154f68963/resourceGroups/Arch-wordpress-poc/providers/Microsoft.Network/applicationGateways/archwordpressgw/backendAddressPools/storagebe",
                "ip_addresses": [],
                "name": "storagebe"
              },
              {
                "fqdns": [
                  "archintranet.azurewebsites.net"
                ],
                "id": "/subscriptions/c3df6b60-25b3-4b7c-a9a5-ccf154f68963/resourceGroups/Arch-wordpress-poc/providers/Microsoft.Network/applicationGateways/archwordpressgw/backendAddressPools/appservicebe",
                "ip_addresses": [],
                "name": "appservicebe"
              }
            ],
            "backend_http_settings": [
              {
                "affinity_cookie_name": "ApplicationGatewayAffinity",
                "authentication_certificate": [],
                "connection_draining": [],
                "cookie_based_affinity": "Enabled",
                "host_name": "",
                "id": "/subscriptions/c3df6b60-25b3-4b7c-a9a5-ccf154f68963/resourceGroups/Arch-wordpress-poc/providers/Microsoft.Network/applicationGateways/archwordpressgw/backendHttpSettingsCollection/appservicebesett",
                "name": "appservicebesett",
                "path": "",
                "pick_host_name_from_backend_address": false,
                "port": 443,
                "probe_id": "/subscriptions/c3df6b60-25b3-4b7c-a9a5-ccf154f68963/resourceGroups/Arch-wordpress-poc/providers/Microsoft.Network/applicationGateways/archwordpressgw/probes/appservicehealthprobe",
                "probe_name": "appservicehealthprobe",
                "protocol": "Https",
                "request_timeout": 20,
                "trusted_root_certificate_names": []
              },
              {
                "affinity_cookie_name": "ApplicationGatewayAffinity",
                "authentication_certificate": [],
                "connection_draining": [],
                "cookie_based_affinity": "Enabled",
                "host_name": "archintran229a63044e.blob.core.windows.net",
                "id": "/subscriptions/c3df6b60-25b3-4b7c-a9a5-ccf154f68963/resourceGroups/Arch-wordpress-poc/providers/Microsoft.Network/applicationGateways/archwordpressgw/backendHttpSettingsCollection/storagebackendse",
                "name": "storagebackendse",
                "path": "/",
                "pick_host_name_from_backend_address": false,
                "port": 443,
                "probe_id": "/subscriptions/c3df6b60-25b3-4b7c-a9a5-ccf154f68963/resourceGroups/Arch-wordpress-poc/providers/Microsoft.Network/applicationGateways/archwordpressgw/probes/storagebecustom",
                "probe_name": "storagebecustom",
                "protocol": "Https",
                "request_timeout": 20,
                "trusted_root_certificate_names": []
              }
            ],
            "custom_error_configuration": [],
            "enable_http2": false,
            "fips_enabled": false,
            "firewall_policy_id": "/subscriptions/c3df6b60-25b3-4b7c-a9a5-ccf154f68963/resourceGroups/Arch-wordpress-poc/providers/Microsoft.Network/ApplicationGatewayWebApplicationFirewallPolicies/archpocwafpolicy",
            "force_firewall_policy_association": false,
            "frontend_ip_configuration": [
              {
                "id": "/subscriptions/c3df6b60-25b3-4b7c-a9a5-ccf154f68963/resourceGroups/Arch-wordpress-poc/providers/Microsoft.Network/applicationGateways/archwordpressgw/frontendIPConfigurations/appGwPublicFrontendIpIPv4",
                "name": "appGwPublicFrontendIpIPv4",
                "private_ip_address": "",
                "private_ip_address_allocation": "Dynamic",
                "private_link_configuration_id": "",
                "private_link_configuration_name": "",
                "public_ip_address_id": "/subscriptions/c3df6b60-25b3-4b7c-a9a5-ccf154f68963/resourceGroups/Arch-wordpress-poc/providers/Microsoft.Network/publicIPAddresses/archwordpresspip2",
                "subnet_id": ""
              },
              {
                "id": "/subscriptions/c3df6b60-25b3-4b7c-a9a5-ccf154f68963/resourceGroups/Arch-wordpress-poc/providers/Microsoft.Network/applicationGateways/archwordpressgw/frontendIPConfigurations/appGwPrivateFrontendIpIPv4",
                "name": "appGwPrivateFrontendIpIPv4",
                "private_ip_address": "10.0.2.10",
                "private_ip_address_allocation": "Static",
                "private_link_configuration_id": "",
                "private_link_configuration_name": "",
                "public_ip_address_id": "",
                "subnet_id": "/subscriptions/c3df6b60-25b3-4b7c-a9a5-ccf154f68963/resourceGroups/arch-wordpress-poc/providers/Microsoft.Network/virtualNetworks/archintran-f0f2d998eb-vnet/subnets/Archwordpressgwsubnet"
              }
            ],
            "frontend_port": [
              {
                "id": "/subscriptions/c3df6b60-25b3-4b7c-a9a5-ccf154f68963/resourceGroups/Arch-wordpress-poc/providers/Microsoft.Network/applicationGateways/archwordpressgw/frontendPorts/port_1048",
                "name": "port_1048",
                "port": 1048
              },
              {
                "id": "/subscriptions/c3df6b60-25b3-4b7c-a9a5-ccf154f68963/resourceGroups/Arch-wordpress-poc/providers/Microsoft.Network/applicationGateways/archwordpressgw/frontendPorts/port_1049",
                "name": "port_1049",
                "port": 1049
              },
              {
                "id": "/subscriptions/c3df6b60-25b3-4b7c-a9a5-ccf154f68963/resourceGroups/Arch-wordpress-poc/providers/Microsoft.Network/applicationGateways/archwordpressgw/frontendPorts/port_3443",
                "name": "port_3443",
                "port": 3443
              },
              {
                "id": "/subscriptions/c3df6b60-25b3-4b7c-a9a5-ccf154f68963/resourceGroups/Arch-wordpress-poc/providers/Microsoft.Network/applicationGateways/archwordpressgw/frontendPorts/port_443",
                "name": "port_443",
                "port": 443
              },
              {
                "id": "/subscriptions/c3df6b60-25b3-4b7c-a9a5-ccf154f68963/resourceGroups/Arch-wordpress-poc/providers/Microsoft.Network/applicationGateways/archwordpressgw/frontendPorts/port_80",
                "name": "port_80",
                "port": 80
              }
            ],
            "gateway_ip_configuration": [
              {
                "id": "/subscriptions/c3df6b60-25b3-4b7c-a9a5-ccf154f68963/resourceGroups/Arch-wordpress-poc/providers/Microsoft.Network/applicationGateways/archwordpressgw/gatewayIPConfigurations/appGatewayIpConfig",
                "name": "appGatewayIpConfig",
                "subnet_id": "/subscriptions/c3df6b60-25b3-4b7c-a9a5-ccf154f68963/resourceGroups/arch-wordpress-poc/providers/Microsoft.Network/virtualNetworks/archintran-f0f2d998eb-vnet/subnets/Archwordpressgwsubnet"
              }
            ],
            "global": [],
            "http_listener": [
              {
                "custom_error_configuration": [],
                "firewall_policy_id": "",
                "frontend_ip_configuration_id": "/subscriptions/c3df6b60-25b3-4b7c-a9a5-ccf154f68963/resourceGroups/Arch-wordpress-poc/providers/Microsoft.Network/applicationGateways/archwordpressgw/frontendIPConfigurations/appGwPublicFrontendIpIPv4",
                "frontend_ip_configuration_name": "appGwPublicFrontendIpIPv4",
                "frontend_port_id": "/subscriptions/c3df6b60-25b3-4b7c-a9a5-ccf154f68963/resourceGroups/Arch-wordpress-poc/providers/Microsoft.Network/applicationGateways/archwordpressgw/frontendPorts/port_443",
                "frontend_port_name": "port_443",
                "host_name": "",
                "host_names": [
                  "archintranet.joshikun.com"
                ],
                "id": "/subscriptions/c3df6b60-25b3-4b7c-a9a5-ccf154f68963/resourceGroups/Arch-wordpress-poc/providers/Microsoft.Network/applicationGateways/archwordpressgw/httpListeners/appservicelistener",
                "name": "appservicelistener",
                "protocol": "Https",
                "require_sni": true,
                "ssl_certificate_id": "/subscriptions/c3df6b60-25b3-4b7c-a9a5-ccf154f68963/resourceGroups/Arch-wordpress-poc/providers/Microsoft.Network/applicationGateways/archwordpressgw/sslCertificates/joshikunpfx",
                "ssl_certificate_name": "joshikunpfx",
                "ssl_profile_id": "",
                "ssl_profile_name": ""
              },
              {
                "custom_error_configuration": [],
                "firewall_policy_id": "",
                "frontend_ip_configuration_id": "/subscriptions/c3df6b60-25b3-4b7c-a9a5-ccf154f68963/resourceGroups/Arch-wordpress-poc/providers/Microsoft.Network/applicationGateways/archwordpressgw/frontendIPConfigurations/appGwPublicFrontendIpIPv4",
                "frontend_ip_configuration_name": "appGwPublicFrontendIpIPv4",
                "frontend_port_id": "/subscriptions/c3df6b60-25b3-4b7c-a9a5-ccf154f68963/resourceGroups/Arch-wordpress-poc/providers/Microsoft.Network/applicationGateways/archwordpressgw/frontendPorts/port_443",
                "frontend_port_name": "port_443",
                "host_name": "archintranetblob.joshikun.com",
                "host_names": [],
                "id": "/subscriptions/c3df6b60-25b3-4b7c-a9a5-ccf154f68963/resourceGroups/Arch-wordpress-poc/providers/Microsoft.Network/applicationGateways/archwordpressgw/httpListeners/storagelistener",
                "name": "storagelistener",
                "protocol": "Https",
                "require_sni": true,
                "ssl_certificate_id": "/subscriptions/c3df6b60-25b3-4b7c-a9a5-ccf154f68963/resourceGroups/Arch-wordpress-poc/providers/Microsoft.Network/applicationGateways/archwordpressgw/sslCertificates/joshikunpfx",
                "ssl_certificate_name": "joshikunpfx",
                "ssl_profile_id": "",
                "ssl_profile_name": ""
              }
            ],
            "id": "/subscriptions/c3df6b60-25b3-4b7c-a9a5-ccf154f68963/resourceGroups/Arch-wordpress-poc/providers/Microsoft.Network/applicationGateways/archwordpressgw",
            "identity": [],
            "location": "eastus2",
            "name": "archwordpressgw",
            "private_endpoint_connection": [],
            "private_link_configuration": [],
            "probe": [
              {
                "host": "",
                "id": "/subscriptions/c3df6b60-25b3-4b7c-a9a5-ccf154f68963/resourceGroups/Arch-wordpress-poc/providers/Microsoft.Network/applicationGateways/archwordpressgw/probes/storagebecustom",
                "interval": 30,
                "match": [
                  {
                    "body": "",
                    "status_code": [
                      "400"
                    ]
                  }
                ],
                "minimum_servers": 0,
                "name": "storagebecustom",
                "path": "/",
                "pick_host_name_from_backend_http_settings": true,
                "port": 0,
                "protocol": "Https",
                "timeout": 30,
                "unhealthy_threshold": 3
              },
              {
                "host": "archintranet.joshikun.com",
                "id": "/subscriptions/c3df6b60-25b3-4b7c-a9a5-ccf154f68963/resourceGroups/Arch-wordpress-poc/providers/Microsoft.Network/applicationGateways/archwordpressgw/probes/appservicehealthprobe",
                "interval": 30,
                "match": [
                  {
                    "body": "",
                    "status_code": [
                      "200-399"
                    ]
                  }
                ],
                "minimum_servers": 0,
                "name": "appservicehealthprobe",
                "path": "/",
                "pick_host_name_from_backend_http_settings": false,
                "port": 0,
                "protocol": "Https",
                "timeout": 30,
                "unhealthy_threshold": 3
              }
            ],
            "redirect_configuration": [],
            "request_routing_rule": [
              {
                "backend_address_pool_id": "/subscriptions/c3df6b60-25b3-4b7c-a9a5-ccf154f68963/resourceGroups/Arch-wordpress-poc/providers/Microsoft.Network/applicationGateways/archwordpressgw/backendAddressPools/appservicebe",
                "backend_address_pool_name": "appservicebe",
                "backend_http_settings_id": "/subscriptions/c3df6b60-25b3-4b7c-a9a5-ccf154f68963/resourceGroups/Arch-wordpress-poc/providers/Microsoft.Network/applicationGateways/archwordpressgw/backendHttpSettingsCollection/appservicebesett",
                "backend_http_settings_name": "appservicebesett",
                "http_listener_id": "/subscriptions/c3df6b60-25b3-4b7c-a9a5-ccf154f68963/resourceGroups/Arch-wordpress-poc/providers/Microsoft.Network/applicationGateways/archwordpressgw/httpListeners/appservicelistener",
                "http_listener_name": "appservicelistener",
                "id": "/subscriptions/c3df6b60-25b3-4b7c-a9a5-ccf154f68963/resourceGroups/Arch-wordpress-poc/providers/Microsoft.Network/applicationGateways/archwordpressgw/requestRoutingRules/appservicerule",
                "name": "appservicerule",
                "priority": 1,
                "redirect_configuration_id": "",
                "redirect_configuration_name": "",
                "rewrite_rule_set_id": "",
                "rewrite_rule_set_name": "",
                "rule_type": "Basic",
                "url_path_map_id": "",
                "url_path_map_name": ""
              },
              {
                "backend_address_pool_id": "/subscriptions/c3df6b60-25b3-4b7c-a9a5-ccf154f68963/resourceGroups/Arch-wordpress-poc/providers/Microsoft.Network/applicationGateways/archwordpressgw/backendAddressPools/storagebe",
                "backend_address_pool_name": "storagebe",
                "backend_http_settings_id": "/subscriptions/c3df6b60-25b3-4b7c-a9a5-ccf154f68963/resourceGroups/Arch-wordpress-poc/providers/Microsoft.Network/applicationGateways/archwordpressgw/backendHttpSettingsCollection/storagebackendse",
                "backend_http_settings_name": "storagebackendse",
                "http_listener_id": "/subscriptions/c3df6b60-25b3-4b7c-a9a5-ccf154f68963/resourceGroups/Arch-wordpress-poc/providers/Microsoft.Network/applicationGateways/archwordpressgw/httpListeners/storagelistener",
                "http_listener_name": "storagelistener",
                "id": "/subscriptions/c3df6b60-25b3-4b7c-a9a5-ccf154f68963/resourceGroups/Arch-wordpress-poc/providers/Microsoft.Network/applicationGateways/archwordpressgw/requestRoutingRules/storageberule",
                "name": "storageberule",
                "priority": 2,
                "redirect_configuration_id": "",
                "redirect_configuration_name": "",
                "rewrite_rule_set_id": "",
                "rewrite_rule_set_name": "",
                "rule_type": "Basic",
                "url_path_map_id": "",
                "url_path_map_name": ""
              }
            ],
            "resource_group_name": "Arch-wordpress-poc",
            "rewrite_rule_set": [],
            "sku": [
              {
                "capacity": 0,
                "name": "WAF_v2",
                "tier": "WAF_v2"
              }
            ],
            "ssl_certificate": [
              {
                "data": "",
                "id": "/subscriptions/c3df6b60-25b3-4b7c-a9a5-ccf154f68963/resourceGroups/Arch-wordpress-poc/providers/Microsoft.Network/applicationGateways/archwordpressgw/sslCertificates/joshikunpfx",
                "key_vault_secret_id": "",
                "name": "joshikunpfx",
                "password": "",
                "public_cert_data": "MIIObAYJKoZIhvcNAQcCoIIOXTCCDlkCAQExADALBgkqhkiG9w0BBwGggg5BMIIGGjCCBQKgAwIBAgIQBTa+e14VgjKof6GL0X5dJzANBgkqhkiG9w0BAQsFADBgMQswCQYDVQQGEwJVUzEVMBMGA1UEChMMRGlnaUNlcnQgSW5jMRkwFwYDVQQLExB3d3cuZGlnaWNlcnQuY29tMR8wHQYDVQQDExZHZW9UcnVzdCBUTFMgUlNBIENBIEcxMB4XDTIzMDYxODAwMDAwMFoXDTI0MDYxNzIzNTk1OVowGTEXMBUGA1UEAwwOKi5qb3NoaWt1bi5jb20wggEiMA0GCSqGSIb3DQEBAQUAA4IBDwAwggEKAoIBAQDIK5abTIgG8h/s+HJqdyTJ42YGZF8RDN/L4d7EkpMq6JHL0u7KPyn3hp0gs4otmkW0QVS8+PvTGwtmmRRqCs2y+lfHorj0IOlxX/uzlz/Z81udJFgeZBfPrxd2GTo/xNR0+SyJA5buNoTWdD/sNNUI0BQUvcrb/OC13KdPZzez3Xne4PwAS9WR8UE8Suoi8VNRO/izU6FZWX7fP6MEScWF1Pijgn6/73nj5aVDXNVtI8JwPs1cdv+ucLj+YrHxd2u7Dh/ZP3ZK0AOG0m7ZujMwE6IauhFGlOtV71IduJAxB/iOL04gtYw1ctfTCdh5LzzLVDdYNMhRAn7fDr4RnupFAgMBAAGjggMVMIIDETAfBgNVHSMEGDAWgBSUT9Rdi+Sk4qaA/v3Y+QDvo74CVzAdBgNVHQ4EFgQUGUxj32h58PdjsrWk6xKngFpmRAowGQYDVR0RBBIwEIIOKi5qb3NoaWt1bi5jb20wDgYDVR0PAQH/BAQDAgWgMB0GA1UdJQQWMBQGCCsGAQUFBwMBBggrBgEFBQcDAjA/BgNVHR8EODA2MDSgMqAwhi5odHRwOi8vY2RwLmdlb3RydXN0LmNvbS9HZW9UcnVzdFRMU1JTQUNBRzEuY3JsMD4GA1UdIAQ3MDUwMwYGZ4EMAQIBMCkwJwYIKwYBBQUHAgEWG2h0dHA6Ly93d3cuZGlnaWNlcnQuY29tL0NQUzB2BggrBgEFBQcBAQRqMGgwJgYIKwYBBQUHMAGGGmh0dHA6Ly9zdGF0dXMuZ2VvdHJ1c3QuY29tMD4GCCsGAQUFBzAChjJodHRwOi8vY2FjZXJ0cy5nZW90cnVzdC5jb20vR2VvVHJ1c3RUTFNSU0FDQUcxLmNydDAJBgNVHRMEAjAAMIIBfwYKKwYBBAHWeQIEAgSCAW8EggFrAWkAdwB2/4g/Crb7lVHCYcz1h7o0tKTNuyncaEIKn+ZnTFo6dAAAAYjQZ/auAAAEAwBIMEYCIQChEbz7uR0WVXFpVM5OIpihCYl7TdEY6JAOJxUtjJheHwIhAMEHZd9p24F3KcVodpu5yZsg5o1pOrNX/PodCa3OOBk9AHUASLDja9qmRzQP5WoC+p0w6xxSActW3SyB2bu/qznYhHMAAAGI0Gf2owAABAMARjBEAiAJDH56UlxyBWG5ysobM+XBwobiXgIRYkJozisf0IBKLwIgFAq9At2CdeAxPQoeygTzkniF80XiuBuh8tAmJweexfAAdwDatr9rP7W2Ip+bwrtca+hwkXFsu1GEhTS9pD0wSNf7qwAAAYjQZ/ZiAAAEAwBIMEYCIQDz3S9+KN1CiQdkHEnST0vUV17FqXofRspLMw+u7+I0rQIhALiTRJd7OPvJjx7k1A2epWZqoIauZ+6pm4xazzMTl/4IMA0GCSqGSIb3DQEBCwUAA4IBAQAX8PVV0NM8GHvOb4KwoAb6k1Tk5xBB15VlbmQlBtdiw5o2O1VDPS0eKJ/ZKGvIPI7+Ne3cvRgz+gHoKcYhDzKO1tIKcW4F482pd92Cw7vHtvqVJzumhrhVoAXcoHjf7yDlyKR3lOJfFZjiN/iRXBOPIixhw5stb9/mlsynTGGtdvjNJ+34/3CilpxDMDuA+KNaFFN/t+3q6HX06gQhktGuAKZ72hP17V/A8aJ9ySjOvyFKQkAV/58/10CAwlK8+fXKXw6+CQ9UL/EPqdogSXO5JAaiBVO8pEEimy6rT525PyyqIPruOl0AvLeTguO9Y62PyMz86xyaRh6K6hdaB9kQMIIDjjCCAnagAwIBAgIQAzrx5qcRqaC7KGSxHQn65TANBgkqhkiG9w0BAQsFADBhMQswCQYDVQQGEwJVUzEVMBMGA1UEChMMRGlnaUNlcnQgSW5jMRkwFwYDVQQLExB3d3cuZGlnaWNlcnQuY29tMSAwHgYDVQQDExdEaWdpQ2VydCBHbG9iYWwgUm9vdCBHMjAeFw0xMzA4MDExMjAwMDBaFw0zODAxMTUxMjAwMDBaMGExCzAJBgNVBAYTAlVTMRUwEwYDVQQKEwxEaWdpQ2VydCBJbmMxGTAXBgNVBAsTEHd3dy5kaWdpY2VydC5jb20xIDAeBgNVBAMTF0RpZ2lDZXJ0IEdsb2JhbCBSb290IEcyMIIBIjANBgkqhkiG9w0BAQEFAAOCAQ8AMIIBCgKCAQEAuzfNNNx7a8myaJCtSnX/RrohCgiN9RlUyfuI2/Ou8jqJkTx65qsGGmvPrC3oXgkkRLpimn7Wo6h+4FR1IAWsULecYxpsMNzaHxmx1x7e/dfgy5SDN67sH0NO3Xss0r0upS/kqbitOtSZpLYl6ZtrAGCSYP9PIUkY92eQq2EGnI/yuum06ZIya7XzV+hdG82MHauVBJVJ8zUtluNJbd134/tJS7SsVQepj5WztCO7TG1F8PapspUwtP1MVYwnSlcUfIKdzXOS0xZKBgyMUNGPHgm+F6HmIcr9g+UQvIOlCsRnKPZzFBQ9RnbDhxSJITRNrw9FDKZJobq7nMWxM4MphQIDAQABo0IwQDAPBgNVHRMBAf8EBTADAQH/MA4GA1UdDwEB/wQEAwIBhjAdBgNVHQ4EFgQUTiJUIBiV5uNu5g/6+rkS7QYXjzkwDQYJKoZIhvcNAQELBQADggEBAGBnKJRvDkhj6zHd6mcY1Yl9PMWLSn/pvtsrF9+wX3N3KjITOYFnQoQj8kVnNeyIv/iPsGEMNKSuIEyExtv4NeF22d+mQrvHRAiGfzZ0JFrabA0UWTW98kndth/Jsw1HKj2ZL7tcu7XUIOGZX1NGFdtom/DzMNU+MeKNhJ7jitralj41E6Vf8PlwUHBHQRFXGU7Aj64GxJUTFy8bJZ918rGOmaFvE7FBcf6IKshPECBV1/MUReXgRPTqh5Uykw7+U0b6LJ3/iyK5S9kJRaTepLiaWN0bfVKfjllDiIGknibVb63dDcY3fe0Dkhvld1927jyNxF1WW6LZZm6zNTflMrYwggSNMIIDdaADAgECAhANB3gqEz/G+aVyluEx/9F5MA0GCSqGSIb3DQEBCwUAMGExCzAJBgNVBAYTAlVTMRUwEwYDVQQKEwxEaWdpQ2VydCBJbmMxGTAXBgNVBAsTEHd3dy5kaWdpY2VydC5jb20xIDAeBgNVBAMTF0RpZ2lDZXJ0IEdsb2JhbCBSb290IEcyMB4XDTE3MTEwMjEyMjMzN1oXDTI3MTEwMjEyMjMzN1owYDELMAkGA1UEBhMCVVMxFTATBgNVBAoTDERpZ2lDZXJ0IEluYzEZMBcGA1UECxMQd3d3LmRpZ2ljZXJ0LmNvbTEfMB0GA1UEAxMWR2VvVHJ1c3QgVExTIFJTQSBDQSBHMTCCASIwDQYJKoZIhvcNAQEBBQADggEPADCCAQoCggEBAL4X6Oy+KQrL/rktYTH9MyQIMi5Z6CHU2DC+bhDIhKA/uhTl3v16jJIbe86ELfD/eMQy6KmgfV8G2nubS1OmxhsCFyHhcDut+4PrCFSBqN4SstXGiJYw+QL8OdS9uCLvgEmZ0GK4YdBJ3svCy5elMQYb19hdxtNU3lIBNioN9t7FtjFMzBUlahVvqWsESAzeAEGqKICLLzTTG7U2rTsl0IhCQGw2kW1lshmGwNJ/OUZY/jASYFDc7rtz5leQWvYNytcES0dqbzQanZI2Gi7ZTlTtR6wMv/GAsrr/R3vpOcRUxJRUmRnxV5mv4hQiW+guu2Mtuq6BvRPc5hdb4JBTSQECAwEAAaOCAUAwggE8MB0GA1UdDgQWBBSUT9Rdi+Sk4qaA/v3Y+QDvo74CVzAfBgNVHSMEGDAWgBROIlQgGJXm427mD/r6uRLtBhePOTAOBgNVHQ8BAf8EBAMCAYYwHQYDVR0lBBYwFAYIKwYBBQUHAwEGCCsGAQUFBwMCMBIGA1UdEwEB/wQIMAYBAf8CAQAwNAYIKwYBBQUHAQEEKDAmMCQGCCsGAQUFBzABhhhodHRwOi8vb2NzcC5kaWdpY2VydC5jb20wQgYDVR0fBDswOTA3oDWgM4YxaHR0cDovL2NybDMuZGlnaWNlcnQuY29tL0RpZ2lDZXJ0R2xvYmFsUm9vdEcyLmNybDA9BgNVHSAENjA0MDIGBFUdIAAwKjAoBggrBgEFBQcCARYcaHR0cHM6Ly93d3cuZGlnaWNlcnQuY29tL0NQUzANBgkqhkiG9w0BAQsFAAOCAQEAghwEOoLpxanIZRJcCOMBxjCwriKIYXsrB4b3uLVEnPWTBmFGijqitTUm0FiePMFzj7+xeaccmTeaU/IvXG4gC32wx4Lv6+t5EgXnAUELQwI3mxsfCE03UnMpuJ814/mjOll1AWaQKj6d4GIpHoeogD4sxMwIwy6/aSEYa48ea0PN7gaYQZm1gvIXwRClrliM+5XqTYKv83dfEWlPeFGm3/e6xT9lv3B8o+1amjOdnj/jhzWn2vMVxlitaSPcD7tM0EkTQaY/Z+FeE/UP9dV8hb+HTIIkYSJX0aWb+4Y5rcNceWZsBzFLIJGtob5kGQDuHhJ4zpjyX/swFGk8LPqXxjEA"
              }
            ],
            "ssl_policy": [],
            "ssl_profile": [],
            "tags": {
              "Entity": "Arch",
              "Env": "POC"
            },
            "timeouts": null,
            "trusted_client_certificate": [],
            "trusted_root_certificate": [],
            "url_path_map": [],
            "waf_configuration": [],
            "zones": []
          },
          "sensitive_attributes": [],
          "private": "eyJlMmJmYjczMC1lY2FhLTExZTYtOGY4OC0zNDM2M2JjN2M0YzAiOnsiY3JlYXRlIjo1NDAwMDAwMDAwMDAwLCJkZWxldGUiOjU0MDAwMDAwMDAwMDAsInJlYWQiOjMwMDAwMDAwMDAwMCwidXBkYXRlIjo1NDAwMDAwMDAwMDAwfSwic2NoZW1hX3ZlcnNpb24iOiIwIn0="
        }
      ]
    },
    {
      "mode": "managed",
      "type": "azurerm_key_vault",
      "name": "res-14",
      "provider": "provider[\"registry.terraform.io/hashicorp/azurerm\"]",
      "instances": [
        {
          "schema_version": 2,
          "attributes": {
            "access_policy": [
              {
                "application_id": "",
                "certificate_permissions": [
                  "Get",
                  "List",
                  "Update",
                  "Create",
                  "Import",
                  "Delete",
                  "Recover",
                  "Backup",
                  "Restore",
                  "ManageContacts",
                  "ManageIssuers",
                  "GetIssuers",
                  "ListIssuers",
                  "SetIssuers",
                  "DeleteIssuers",
                  "Purge"
                ],
                "key_permissions": [
                  "Get",
                  "List",
                  "Update",
                  "Create",
                  "Import",
                  "Delete",
                  "Recover",
                  "Backup",
                  "Restore",
                  "GetRotationPolicy",
                  "SetRotationPolicy",
                  "Rotate",
                  "Encrypt",
                  "Decrypt",
                  "UnwrapKey",
                  "WrapKey",
                  "Verify",
                  "Sign",
                  "Purge",
                  "Release"
                ],
                "object_id": "1752d565-6b65-48c8-9520-a36b08d61084",
                "secret_permissions": [
                  "Get",
                  "List",
                  "Set",
                  "Delete",
                  "Recover",
                  "Backup",
                  "Restore",
                  "Purge"
                ],
                "storage_permissions": [],
                "tenant_id": "16b3c013-d300-468d-ac64-7eda0820b6d3"
              },
              {
                "application_id": "",
                "certificate_permissions": [
                  "Get"
                ],
                "key_permissions": [],
                "object_id": "fd4afe00-f7d0-4f8b-809f-8767c14805cd",
                "secret_permissions": [
                  "Get"
                ],
                "storage_permissions": [],
                "tenant_id": "16b3c013-d300-468d-ac64-7eda0820b6d3"
              }
            ],
            "contact": [],
            "enable_rbac_authorization": false,
            "enabled_for_deployment": false,
            "enabled_for_disk_encryption": false,
            "enabled_for_template_deployment": true,
            "id": "/subscriptions/c3df6b60-25b3-4b7c-a9a5-ccf154f68963/resourceGroups/Arch-wordpress-poc/providers/Microsoft.KeyVault/vaults/archpockeyv",
            "location": "eastus2",
            "name": "archpockeyv",
            "network_acls": [
              {
                "bypass": "AzureServices",
                "default_action": "Allow",
                "ip_rules": [],
                "virtual_network_subnet_ids": []
              }
            ],
            "public_network_access_enabled": true,
            "purge_protection_enabled": false,
            "resource_group_name": "Arch-wordpress-poc",
            "sku_name": "standard",
            "soft_delete_retention_days": 90,
            "tags": {
              "Entity": "Arch",
              "Env": "POC"
            },
            "tenant_id": "16b3c013-d300-468d-ac64-7eda0820b6d3",
            "timeouts": null,
            "vault_uri": "https://archpockeyv.vault.azure.net/"
          },
          "sensitive_attributes": [],
          "private": "eyJlMmJmYjczMC1lY2FhLTExZTYtOGY4OC0zNDM2M2JjN2M0YzAiOnsiY3JlYXRlIjoxODAwMDAwMDAwMDAwLCJkZWxldGUiOjE4MDAwMDAwMDAwMDAsInJlYWQiOjMwMDAwMDAwMDAwMCwidXBkYXRlIjoxODAwMDAwMDAwMDAwfSwic2NoZW1hX3ZlcnNpb24iOiIyIn0="
        }
      ]
    },
    {
      "mode": "managed",
      "type": "azurerm_key_vault_certificate",
      "name": "res-15",
      "provider": "provider[\"registry.terraform.io/hashicorp/azurerm\"]",
      "instances": [
        {
          "schema_version": 0,
          "attributes": {
            "certificate": [],
            "certificate_attribute": [
              {
                "created": "2023-06-14T15:50:18Z",
                "enabled": true,
                "expires": "2024-06-14T15:50:18Z",
                "not_before": "2023-06-14T15:40:18Z",
                "recovery_level": "Recoverable+Purgeable",
                "updated": "2023-06-14T15:50:18Z"
              }
            ],
            "certificate_data": "308203853082026DA00302010202102E1C6EA10EB34E57886449C9C0EC135C300D06092A864886F70D01010B05003029312730250603550403131E61726368696E7472616E65742E617A75726577656273697465732E6E6574301E170D3233303631343135343031385A170D3234303631343135353031385A3029312730250603550403131E61726368696E7472616E65742E617A75726577656273697465732E6E657430820122300D06092A864886F70D01010105000382010F003082010A0282010100C28C7D3BCAE95EE4EA0BD1245FE044D12417F5C964A93F7726B8518B62AB9FCA562A2A3E0B09C393B627FC278BF3A414936D7CCB45FB68E1CFD5FB1787DCA9253218416862141295060FA03759C61E16F9CA26B6335256AACDC0BD5832510D1D0444630A129BF3A73870D72F937843B4CB8DB2C23E66A07E2BE9595CD0F8F690CDB2B8C2BF6113E44469F9B5E791EF2DE856035CF5CE81F8E322636850240C2805C64DB52F3AD4CC7A4C90C98AA2989A8D1D278BB288A4074D1E389EAEC2D10E08B9928B693990DA2C80166DCCA81FA79D6F25D289EB8F320BB67138B3CD3306D72A8D2DBD7BF80391B4A03B95AC2FCFBCB9C647B5FE7A15F30DBE3737C6FB710203010001A381A83081A5300E0603551D0F0101FF0404030205A030090603551D1304023000301D0603551D250416301406082B0601050507030106082B0601050507030230290603551D1104223020821E61726368696E7472616E65742E617A75726577656273697465732E6E6574301F0603551D230418301680141BE844CDD9340830E2FDDB8CEF4D686541637B01301D0603551D0E041604141BE844CDD9340830E2FDDB8CEF4D686541637B01300D06092A864886F70D01010B0500038201010028AEB4F32DE0CEF24384C50D88FADA7911F3175BA0FFF3603AAB8E59BE611C03341A1BDBE976342D80C211C69065B00D5D065A46EABC4C8227C842F24519A62213D44E7A08BE96AE66621DF0B1279B3BF05CEDA3E3C8FC51A7043802F629B99627CC24EF7975A777ABD1714AB9FAC4C48C147189AC8B32A4B2435CC2BFE227F84F1644CE9FAA816FE8EBF7E4E33B32DD59EB7FA9813A7E0241177F01ACF90D7C95D4CA05B0291B8ABA1033FF447029AB7B01AB47E7036F372AAF72B8CCACCE7324C8E51444B34B08A590541AF2DA1FA5EB146444029303F21A2303F51157162D731A6F7332F3A5FBAA6BD60EC129F6608CBE9FF8DA54A82FC86D32D5FB6D41A0",
            "certificate_data_base64": "MIIDhTCCAm2gAwIBAgIQLhxuoQ6zTleIZEnJwOwTXDANBgkqhkiG9w0BAQsFADApMScwJQYDVQQDEx5hcmNoaW50cmFuZXQuYXp1cmV3ZWJzaXRlcy5uZXQwHhcNMjMwNjE0MTU0MDE4WhcNMjQwNjE0MTU1MDE4WjApMScwJQYDVQQDEx5hcmNoaW50cmFuZXQuYXp1cmV3ZWJzaXRlcy5uZXQwggEiMA0GCSqGSIb3DQEBAQUAA4IBDwAwggEKAoIBAQDCjH07yule5OoL0SRf4ETRJBf1yWSpP3cmuFGLYqufylYqKj4LCcOTtif8J4vzpBSTbXzLRfto4c/V+xeH3KklMhhBaGIUEpUGD6A3WcYeFvnKJrYzUlaqzcC9WDJRDR0ERGMKEpvzpzhw1y+TeEO0y42ywj5moH4r6Vlc0Pj2kM2yuMK/YRPkRGn5teeR7y3oVgNc9c6B+OMiY2hQJAwoBcZNtS861Mx6TJDJiqKYmo0dJ4uyiKQHTR44nq7C0Q4IuZKLaTmQ2iyAFm3MqB+nnW8l0onrjzILtnE4s80zBtcqjS29e/gDkbSgO5WsL8+8ucZHtf56FfMNvjc3xvtxAgMBAAGjgagwgaUwDgYDVR0PAQH/BAQDAgWgMAkGA1UdEwQCMAAwHQYDVR0lBBYwFAYIKwYBBQUHAwEGCCsGAQUFBwMCMCkGA1UdEQQiMCCCHmFyY2hpbnRyYW5ldC5henVyZXdlYnNpdGVzLm5ldDAfBgNVHSMEGDAWgBQb6ETN2TQIMOL924zvTWhlQWN7ATAdBgNVHQ4EFgQUG+hEzdk0CDDi/duM701oZUFjewEwDQYJKoZIhvcNAQELBQADggEBACiutPMt4M7yQ4TFDYj62nkR8xdboP/zYDqrjlm+YRwDNBob2+l2NC2AwhHGkGWwDV0GWkbqvEyCJ8hC8kUZpiIT1E56CL6WrmZiHfCxJ5s78Fzto+PI/FGnBDgC9im5lifMJO95dad3q9FxSrn6xMSMFHGJrIsypLJDXMK/4if4TxZEzp+qgW/o6/fk4zsy3Vnrf6mBOn4CQRd/Aaz5DXyV1MoFsCkbiroQM/9EcCmrewGrR+cDbzcqr3K4zKzOcyTI5RREs0sIpZBUGvLaH6XrFGREApMD8hojA/URVxYtcxpvczLzpfuqa9YOwSn2YIy+n/jaVKgvyG0y1fttQaA=",
            "certificate_policy": [
              {
                "issuer_parameters": [
                  {
                    "name": "Self"
                  }
                ],
                "key_properties": [
                  {
                    "curve": "",
                    "exportable": true,
                    "key_size": 2048,
                    "key_type": "RSA",
                    "reuse_key": false
                  }
                ],
                "lifetime_action": [
                  {
                    "action": [
                      {
                        "action_type": "AutoRenew"
                      }
                    ],
                    "trigger": [
                      {
                        "days_before_expiry": 0,
                        "lifetime_percentage": 80
                      }
                    ]
                  }
                ],
                "secret_properties": [
                  {
                    "content_type": "application/x-pkcs12"
                  }
                ],
                "x509_certificate_properties": [
                  {
                    "extended_key_usage": [
                      "1.3.6.1.5.5.7.3.1",
                      "1.3.6.1.5.5.7.3.2"
                    ],
                    "key_usage": [
                      "digitalSignature",
                      "keyEncipherment"
                    ],
                    "subject": "CN=archintranet.azurewebsites.net",
                    "subject_alternative_names": [
                      {
                        "dns_names": [
                          "archintranet.azurewebsites.net"
                        ],
                        "emails": [],
                        "upns": []
                      }
                    ],
                    "validity_in_months": 12
                  }
                ]
              }
            ],
            "id": "https://archpockeyv.vault.azure.net/certificates/archwordpresscert/9351d23fae914df6971d343170dff432",
            "key_vault_id": "/subscriptions/c3df6b60-25b3-4b7c-a9a5-ccf154f68963/resourceGroups/Arch-wordpress-poc/providers/Microsoft.KeyVault/vaults/archpockeyv",
            "name": "archwordpresscert",
            "resource_manager_id": "/subscriptions/c3df6b60-25b3-4b7c-a9a5-ccf154f68963/resourceGroups/Arch-wordpress-poc/providers/Microsoft.KeyVault/vaults/archpockeyv/certificates/archwordpresscert/versions/9351d23fae914df6971d343170dff432",
            "resource_manager_versionless_id": "/subscriptions/c3df6b60-25b3-4b7c-a9a5-ccf154f68963/resourceGroups/Arch-wordpress-poc/providers/Microsoft.KeyVault/vaults/archpockeyv/certificates/archwordpresscert",
            "secret_id": "https://archpockeyv.vault.azure.net/secrets/archwordpresscert/9351d23fae914df6971d343170dff432",
            "tags": {},
            "thumbprint": "8DAB55F2A52B40B825DFA19F79FF25E6BC2CB099",
            "timeouts": null,
            "version": "9351d23fae914df6971d343170dff432",
            "versionless_id": "https://archpockeyv.vault.azure.net/certificates/archwordpresscert",
            "versionless_secret_id": "https://archpockeyv.vault.azure.net/secrets/archwordpresscert"
          },
          "sensitive_attributes": [],
          "private": "eyJlMmJmYjczMC1lY2FhLTExZTYtOGY4OC0zNDM2M2JjN2M0YzAiOnsiY3JlYXRlIjozNjAwMDAwMDAwMDAwLCJkZWxldGUiOjE4MDAwMDAwMDAwMDAsInJlYWQiOjE4MDAwMDAwMDAwMDAsInVwZGF0ZSI6MTgwMDAwMDAwMDAwMH0sInNjaGVtYV92ZXJzaW9uIjoiMCJ9"
        }
      ]
    },
    {
      "mode": "managed",
      "type": "azurerm_key_vault_certificate",
      "name": "res-16",
      "provider": "provider[\"registry.terraform.io/hashicorp/azurerm\"]",
      "instances": [
        {
          "schema_version": 0,
          "attributes": {
            "certificate": [],
            "certificate_attribute": [
              {
                "created": "2023-06-18T21:58:35Z",
                "enabled": true,
                "expires": "2024-06-17T23:59:59Z",
                "not_before": "2023-06-18T00:00:00Z",
                "recovery_level": "Recoverable+Purgeable",
                "updated": "2023-06-18T21:58:35Z"
              }
            ],
            "certificate_data": "3082061A30820502A00302010202100536BE7B5E158232A87FA18BD17E5D27300D06092A864886F70D01010B05003060310B300906035504061302555331153013060355040A130C446967694365727420496E6331193017060355040B13107777772E64696769636572742E636F6D311F301D0603550403131647656F547275737420544C5320525341204341204731301E170D3233303631383030303030305A170D3234303631373233353935395A30193117301506035504030C0E2A2E6A6F7368696B756E2E636F6D30820122300D06092A864886F70D01010105000382010F003082010A0282010100C82B969B4C8806F21FECF8726A7724C9E36606645F110CDFCBE1DEC492932AE891CBD2EECA3F29F7869D20B38A2D9A45B44154BCF8FBD31B0B6699146A0ACDB2FA57C7A2B8F420E9715FFBB3973FD9F35B9D24581E6417CFAF1776193A3FC4D474F92C890396EE3684D6743FEC34D508D01414BDCADBFCE0B5DCA74F6737B3DD79DEE0FC004BD591F1413C4AEA22F153513BF8B353A159597EDF3FA30449C585D4F8A3827EBFEF79E3E5A5435CD56D23C2703ECD5C76FFAE70B8FE62B1F1776BBB0E1FD93F764AD00386D26ED9BA333013A21ABA114694EB55EF521DB8903107F88E2F4E20B58C3572D7D309D8792F3CCB54375834C851027EDF0EBE119EEA450203010001A382031530820311301F0603551D23041830168014944FD45D8BE4A4E2A680FEFDD8F900EFA3BE0257301D0603551D0E04160414194C63DF6879F0F763B2B5A4EB12A7805A66440A30190603551D1104123010820E2A2E6A6F7368696B756E2E636F6D300E0603551D0F0101FF0404030205A0301D0603551D250416301406082B0601050507030106082B06010505070302303F0603551D1F043830363034A032A030862E687474703A2F2F6364702E67656F74727573742E636F6D2F47656F5472757374544C53525341434147312E63726C303E0603551D20043730353033060667810C0102013029302706082B06010505070201161B687474703A2F2F7777772E64696769636572742E636F6D2F435053307606082B06010505070101046A3068302606082B06010505073001861A687474703A2F2F7374617475732E67656F74727573742E636F6D303E06082B060105050730028632687474703A2F2F636163657274732E67656F74727573742E636F6D2F47656F5472757374544C53525341434147312E63727430090603551D13040230003082017F060A2B06010401D6790204020482016F0482016B016900770076FF883F0AB6FB9551C261CCF587BA34B4A4CDBB29DC68420A9FE6674C5A3A7400000188D067F6AE0000040300483046022100A111BCFBB91D1655716954CE4E2298A109897B4DD118E8900E27152D8C985E1F022100C10765DF69DB817729C568769BB9C99B20E68D693AB357FCFA1D09ADCE38193D00750048B0E36BDAA647340FE56A02FA9D30EB1C5201CB56DD2C81D9BBBFAB39D8847300000188D067F6A300000403004630440220090C7E7A525C720561B9CACA1B33E5C1C286E25E0211624268CE2B1FD0804A2F0220140ABD02DD8275E0313D0A1ECA04F3927885F345E2B81BA1F2D02627079EC5F0007700DAB6BF6B3FB5B6229F9BC2BB5C6BE87091716CBB51848534BDA43D3048D7FBAB00000188D067F6620000040300483046022100F3DD2F7E28DD428907641C49D24F4BD4575EC5A97A1F46CA4B330FAEEFE234AD022100B89344977B38FBC98F1EE4D40D9EA5666AA086AE67EEA99B8C5ACF331397FE08300D06092A864886F70D01010B0500038201010017F0F555D0D33C187BCE6F82B0A006FA9354E4E71041D795656E642506D762C39A363B55433D2D1E289FD9286BC83C8EFE35EDDCBD1833FA01E829C6210F328ED6D20A716E05E3CDA977DD82C3BBC7B6FA95273BA686B855A005DCA078DFEF20E5C8A47794E25F1598E237F8915C138F222C61C39B2D6FDFE696CCA74C61AD76F8CD27EDF8FF70A2969C43303B80F8A35A14537FB7EDEAE875F4EA042192D1AE00A67BDA13F5ED5FC0F1A27DC928CEBF214A424015FF9F3FD74080C252BCF9F5CA5F0EBE090F542FF10FA9DA204973B92406A20553BCA441229B2EAB4F9DB93F2CAA20FAEE3A5D00BCB79382E3BD63AD8FC8CCFCEB1C9A461E8AEA175A07D910",
            "certificate_data_base64": "MIIGGjCCBQKgAwIBAgIQBTa+e14VgjKof6GL0X5dJzANBgkqhkiG9w0BAQsFADBgMQswCQYDVQQGEwJVUzEVMBMGA1UEChMMRGlnaUNlcnQgSW5jMRkwFwYDVQQLExB3d3cuZGlnaWNlcnQuY29tMR8wHQYDVQQDExZHZW9UcnVzdCBUTFMgUlNBIENBIEcxMB4XDTIzMDYxODAwMDAwMFoXDTI0MDYxNzIzNTk1OVowGTEXMBUGA1UEAwwOKi5qb3NoaWt1bi5jb20wggEiMA0GCSqGSIb3DQEBAQUAA4IBDwAwggEKAoIBAQDIK5abTIgG8h/s+HJqdyTJ42YGZF8RDN/L4d7EkpMq6JHL0u7KPyn3hp0gs4otmkW0QVS8+PvTGwtmmRRqCs2y+lfHorj0IOlxX/uzlz/Z81udJFgeZBfPrxd2GTo/xNR0+SyJA5buNoTWdD/sNNUI0BQUvcrb/OC13KdPZzez3Xne4PwAS9WR8UE8Suoi8VNRO/izU6FZWX7fP6MEScWF1Pijgn6/73nj5aVDXNVtI8JwPs1cdv+ucLj+YrHxd2u7Dh/ZP3ZK0AOG0m7ZujMwE6IauhFGlOtV71IduJAxB/iOL04gtYw1ctfTCdh5LzzLVDdYNMhRAn7fDr4RnupFAgMBAAGjggMVMIIDETAfBgNVHSMEGDAWgBSUT9Rdi+Sk4qaA/v3Y+QDvo74CVzAdBgNVHQ4EFgQUGUxj32h58PdjsrWk6xKngFpmRAowGQYDVR0RBBIwEIIOKi5qb3NoaWt1bi5jb20wDgYDVR0PAQH/BAQDAgWgMB0GA1UdJQQWMBQGCCsGAQUFBwMBBggrBgEFBQcDAjA/BgNVHR8EODA2MDSgMqAwhi5odHRwOi8vY2RwLmdlb3RydXN0LmNvbS9HZW9UcnVzdFRMU1JTQUNBRzEuY3JsMD4GA1UdIAQ3MDUwMwYGZ4EMAQIBMCkwJwYIKwYBBQUHAgEWG2h0dHA6Ly93d3cuZGlnaWNlcnQuY29tL0NQUzB2BggrBgEFBQcBAQRqMGgwJgYIKwYBBQUHMAGGGmh0dHA6Ly9zdGF0dXMuZ2VvdHJ1c3QuY29tMD4GCCsGAQUFBzAChjJodHRwOi8vY2FjZXJ0cy5nZW90cnVzdC5jb20vR2VvVHJ1c3RUTFNSU0FDQUcxLmNydDAJBgNVHRMEAjAAMIIBfwYKKwYBBAHWeQIEAgSCAW8EggFrAWkAdwB2/4g/Crb7lVHCYcz1h7o0tKTNuyncaEIKn+ZnTFo6dAAAAYjQZ/auAAAEAwBIMEYCIQChEbz7uR0WVXFpVM5OIpihCYl7TdEY6JAOJxUtjJheHwIhAMEHZd9p24F3KcVodpu5yZsg5o1pOrNX/PodCa3OOBk9AHUASLDja9qmRzQP5WoC+p0w6xxSActW3SyB2bu/qznYhHMAAAGI0Gf2owAABAMARjBEAiAJDH56UlxyBWG5ysobM+XBwobiXgIRYkJozisf0IBKLwIgFAq9At2CdeAxPQoeygTzkniF80XiuBuh8tAmJweexfAAdwDatr9rP7W2Ip+bwrtca+hwkXFsu1GEhTS9pD0wSNf7qwAAAYjQZ/ZiAAAEAwBIMEYCIQDz3S9+KN1CiQdkHEnST0vUV17FqXofRspLMw+u7+I0rQIhALiTRJd7OPvJjx7k1A2epWZqoIauZ+6pm4xazzMTl/4IMA0GCSqGSIb3DQEBCwUAA4IBAQAX8PVV0NM8GHvOb4KwoAb6k1Tk5xBB15VlbmQlBtdiw5o2O1VDPS0eKJ/ZKGvIPI7+Ne3cvRgz+gHoKcYhDzKO1tIKcW4F482pd92Cw7vHtvqVJzumhrhVoAXcoHjf7yDlyKR3lOJfFZjiN/iRXBOPIixhw5stb9/mlsynTGGtdvjNJ+34/3CilpxDMDuA+KNaFFN/t+3q6HX06gQhktGuAKZ72hP17V/A8aJ9ySjOvyFKQkAV/58/10CAwlK8+fXKXw6+CQ9UL/EPqdogSXO5JAaiBVO8pEEimy6rT525PyyqIPruOl0AvLeTguO9Y62PyMz86xyaRh6K6hdaB9kQ",
            "certificate_policy": [
              {
                "issuer_parameters": [
                  {
                    "name": "Unknown"
                  }
                ],
                "key_properties": [
                  {
                    "curve": "",
                    "exportable": true,
                    "key_size": 2048,
                    "key_type": "RSA",
                    "reuse_key": false
                  }
                ],
                "lifetime_action": [
                  {
                    "action": [
                      {
                        "action_type": "EmailContacts"
                      }
                    ],
                    "trigger": [
                      {
                        "days_before_expiry": 0,
                        "lifetime_percentage": 80
                      }
                    ]
                  }
                ],
                "secret_properties": [
                  {
                    "content_type": "application/x-pkcs12"
                  }
                ],
                "x509_certificate_properties": [
                  {
                    "extended_key_usage": [
                      "1.3.6.1.5.5.7.3.1",
                      "1.3.6.1.5.5.7.3.2"
                    ],
                    "key_usage": [
                      "digitalSignature",
                      "keyEncipherment"
                    ],
                    "subject": "CN=*.joshikun.com",
                    "subject_alternative_names": [
                      {
                        "dns_names": [
                          "*.joshikun.com"
                        ],
                        "emails": [],
                        "upns": []
                      }
                    ],
                    "validity_in_months": 13
                  }
                ]
              }
            ],
            "id": "https://archpockeyv.vault.azure.net/certificates/joshikun-cert/b6891ebd21b248da9087b6d33cbb1323",
            "key_vault_id": "/subscriptions/c3df6b60-25b3-4b7c-a9a5-ccf154f68963/resourceGroups/Arch-wordpress-poc/providers/Microsoft.KeyVault/vaults/archpockeyv",
            "name": "joshikun-cert",
            "resource_manager_id": "/subscriptions/c3df6b60-25b3-4b7c-a9a5-ccf154f68963/resourceGroups/Arch-wordpress-poc/providers/Microsoft.KeyVault/vaults/archpockeyv/certificates/joshikun-cert/versions/b6891ebd21b248da9087b6d33cbb1323",
            "resource_manager_versionless_id": "/subscriptions/c3df6b60-25b3-4b7c-a9a5-ccf154f68963/resourceGroups/Arch-wordpress-poc/providers/Microsoft.KeyVault/vaults/archpockeyv/certificates/joshikun-cert",
            "secret_id": "https://archpockeyv.vault.azure.net/secrets/joshikun-cert/b6891ebd21b248da9087b6d33cbb1323",
            "tags": {},
            "thumbprint": "93B4C88124C770EEEEEE439B474290CB85AFB404",
            "timeouts": null,
            "version": "b6891ebd21b248da9087b6d33cbb1323",
            "versionless_id": "https://archpockeyv.vault.azure.net/certificates/joshikun-cert",
            "versionless_secret_id": "https://archpockeyv.vault.azure.net/secrets/joshikun-cert"
          },
          "sensitive_attributes": [],
          "private": "eyJlMmJmYjczMC1lY2FhLTExZTYtOGY4OC0zNDM2M2JjN2M0YzAiOnsiY3JlYXRlIjozNjAwMDAwMDAwMDAwLCJkZWxldGUiOjE4MDAwMDAwMDAwMDAsInJlYWQiOjE4MDAwMDAwMDAwMDAsInVwZGF0ZSI6MTgwMDAwMDAwMDAwMH0sInNjaGVtYV92ZXJzaW9uIjoiMCJ9"
        }
      ]
    },
    {
      "mode": "managed",
      "type": "azurerm_key_vault_certificate",
      "name": "res-17",
      "provider": "provider[\"registry.terraform.io/hashicorp/azurerm\"]",
      "instances": [
        {
          "schema_version": 0,
          "attributes": {
            "certificate": [],
            "certificate_attribute": [
              {
                "created": "2023-06-15T19:33:59Z",
                "enabled": true,
                "expires": "2024-06-15T19:33:59Z",
                "not_before": "2023-06-15T19:23:59Z",
                "recovery_level": "Recoverable+Purgeable",
                "updated": "2023-06-15T19:33:59Z"
              }
            ],
            "certificate_data": "308203523082023AA003020102021065EE952FA38149AE81A64F0B53AA022A300D06092A864886F70D01010B05003018311630140603550403130D7777772E6A6F736B6E2E636F6D301E170D3233303631353139323335395A170D3234303631353139333335395A3018311630140603550403130D7777772E6A6F736B6E2E636F6D30820122300D06092A864886F70D01010105000382010F003082010A0282010100B97948D583C0DAF9BB404F2231B6EAB7DCB00DB3638678B686029E4467785B044ECBD095EAA024FCBE9E2F576EBDA0E128B67F76B6A68A62238D90F8026ED0BF160958742AECE34A3D3C2E42D85BF0A3608619AEF179BC2E9D0C9052F2D41299394B1005B84F06C4F5517430AA66F1DB5346CC32B731F3716A19F75FAF97876500A68B57C81FD0CD2264573BD20AA886C749544D9ADD4D2031DB98258C89521989E5ABA9F78B22CD180031A2D8F47758D52E6F812FE0855EA5559A7ADC82310BBD09992148E97A21F57ECA5EC5A51893B4A3D5FCE4806EEC6A8EF03F7D2D05B0D60D253F0CA637D34ABF63F6CF9B1D486E936E5518BF9D921A6657CC12074D290203010001A38197308194300E0603551D0F0101FF0404030205A030090603551D1304023000301D0603551D250416301406082B0601050507030106082B0601050507030230180603551D110411300F820D7777772E6A6F736B6E2E636F6D301F0603551D23041830168014611F9A0AD9F86C5986ABA34DB3441723F52A5FB9301D0603551D0E04160414611F9A0AD9F86C5986ABA34DB3441723F52A5FB9300D06092A864886F70D01010B0500038201010056CA1C5F2124F085E3C887F9670BCF637D497F47A346D65FC46250A821152897ACC016431722F4B754B405899D0F9BD07DCA1E88E6B1F4C499A62ACD4CB9F985F1615C4CAEF0401C486B1478025C6CACD6D01142077E7689CCFC323B32D56EEDD000237BD34AEFF83E2E543780FB33862FC6457C1C27C37B60F8245168B4EF271D376C75AF143605A744B214FD46CF09352773C67CB6C4F53361CCC98A0E28EFC5FA91C0A2A33D1722921068027939D799F8D831A6B91DDA8BBD63A061FED94CF445E796637BAA70729E64D3ABDFEDB3DA3B7DB0AE5C9A8D6305F72CDF67A4B724A570AEFAF4F3B4405FBF7E85B62EC2A6D87A569BFC4369D100DCC247A331CC",
            "certificate_data_base64": "MIIDUjCCAjqgAwIBAgIQZe6VL6OBSa6Bpk8LU6oCKjANBgkqhkiG9w0BAQsFADAYMRYwFAYDVQQDEw13d3cuam9za24uY29tMB4XDTIzMDYxNTE5MjM1OVoXDTI0MDYxNTE5MzM1OVowGDEWMBQGA1UEAxMNd3d3Lmpvc2tuLmNvbTCCASIwDQYJKoZIhvcNAQEBBQADggEPADCCAQoCggEBALl5SNWDwNr5u0BPIjG26rfcsA2zY4Z4toYCnkRneFsETsvQleqgJPy+ni9Xbr2g4Si2f3a2popiI42Q+AJu0L8WCVh0KuzjSj08LkLYW/CjYIYZrvF5vC6dDJBS8tQSmTlLEAW4TwbE9VF0MKpm8dtTRswytzHzcWoZ91+vl4dlAKaLV8gf0M0iZFc70gqohsdJVE2a3U0gMduYJYyJUhmJ5aup94sizRgAMaLY9HdY1S5vgS/ghV6lVZp63IIxC70JmSFI6Xoh9X7KXsWlGJO0o9X85IBu7GqO8D99LQWw1g0lPwymN9NKv2P2z5sdSG6TblUYv52SGmZXzBIHTSkCAwEAAaOBlzCBlDAOBgNVHQ8BAf8EBAMCBaAwCQYDVR0TBAIwADAdBgNVHSUEFjAUBggrBgEFBQcDAQYIKwYBBQUHAwIwGAYDVR0RBBEwD4INd3d3Lmpvc2tuLmNvbTAfBgNVHSMEGDAWgBRhH5oK2fhsWYaro02zRBcj9SpfuTAdBgNVHQ4EFgQUYR+aCtn4bFmGq6NNs0QXI/UqX7kwDQYJKoZIhvcNAQELBQADggEBAFbKHF8hJPCF48iH+WcLz2N9SX9Ho0bWX8RiUKghFSiXrMAWQxci9LdUtAWJnQ+b0H3KHojmsfTEmaYqzUy5+YXxYVxMrvBAHEhrFHgCXGys1tARQgd+donM/DI7MtVu7dAAI3vTSu/4Pi5UN4D7M4YvxkV8HCfDe2D4JFFotO8nHTdsda8UNgWnRLIU/UbPCTUnc8Z8tsT1M2HMyYoOKO/F+pHAoqM9FyKSEGgCeTnXmfjYMaa5HdqLvWOgYf7ZTPRF55Zje6pwcp5k06vf7bPaO32wrlyajWMF9yzfZ6S3JKVwrvr087RAX79+hbYuwqbYelab/ENp0QDcwkejMcw=",
            "certificate_policy": [
              {
                "issuer_parameters": [
                  {
                    "name": "Self"
                  }
                ],
                "key_properties": [
                  {
                    "curve": "",
                    "exportable": true,
                    "key_size": 2048,
                    "key_type": "RSA",
                    "reuse_key": false
                  }
                ],
                "lifetime_action": [
                  {
                    "action": [
                      {
                        "action_type": "AutoRenew"
                      }
                    ],
                    "trigger": [
                      {
                        "days_before_expiry": 0,
                        "lifetime_percentage": 80
                      }
                    ]
                  }
                ],
                "secret_properties": [
                  {
                    "content_type": "application/x-pkcs12"
                  }
                ],
                "x509_certificate_properties": [
                  {
                    "extended_key_usage": [
                      "1.3.6.1.5.5.7.3.1",
                      "1.3.6.1.5.5.7.3.2"
                    ],
                    "key_usage": [
                      "digitalSignature",
                      "keyEncipherment"
                    ],
                    "subject": "CN=www.joskn.com",
                    "subject_alternative_names": [
                      {
                        "dns_names": [
                          "www.joskn.com"
                        ],
                        "emails": [],
                        "upns": []
                      }
                    ],
                    "validity_in_months": 12
                  }
                ]
              }
            ],
            "id": "https://archpockeyv.vault.azure.net/certificates/newjoskncert/2acb88b835bc4dd7aa2d32146063c2ab",
            "key_vault_id": "/subscriptions/c3df6b60-25b3-4b7c-a9a5-ccf154f68963/resourceGroups/Arch-wordpress-poc/providers/Microsoft.KeyVault/vaults/archpockeyv",
            "name": "newjoskncert",
            "resource_manager_id": "/subscriptions/c3df6b60-25b3-4b7c-a9a5-ccf154f68963/resourceGroups/Arch-wordpress-poc/providers/Microsoft.KeyVault/vaults/archpockeyv/certificates/newjoskncert/versions/2acb88b835bc4dd7aa2d32146063c2ab",
            "resource_manager_versionless_id": "/subscriptions/c3df6b60-25b3-4b7c-a9a5-ccf154f68963/resourceGroups/Arch-wordpress-poc/providers/Microsoft.KeyVault/vaults/archpockeyv/certificates/newjoskncert",
            "secret_id": "https://archpockeyv.vault.azure.net/secrets/newjoskncert/2acb88b835bc4dd7aa2d32146063c2ab",
            "tags": {},
            "thumbprint": "AFBAF079C056B062B6FCF3271F30111891F779DA",
            "timeouts": null,
            "version": "2acb88b835bc4dd7aa2d32146063c2ab",
            "versionless_id": "https://archpockeyv.vault.azure.net/certificates/newjoskncert",
            "versionless_secret_id": "https://archpockeyv.vault.azure.net/secrets/newjoskncert"
          },
          "sensitive_attributes": [],
          "private": "eyJlMmJmYjczMC1lY2FhLTExZTYtOGY4OC0zNDM2M2JjN2M0YzAiOnsiY3JlYXRlIjozNjAwMDAwMDAwMDAwLCJkZWxldGUiOjE4MDAwMDAwMDAwMDAsInJlYWQiOjE4MDAwMDAwMDAwMDAsInVwZGF0ZSI6MTgwMDAwMDAwMDAwMH0sInNjaGVtYV92ZXJzaW9uIjoiMCJ9"
        }
      ]
    },
    {
      "mode": "managed",
      "type": "azurerm_linux_web_app",
      "name": "res-37",
      "provider": "provider[\"registry.terraform.io/hashicorp/azurerm\"]",
      "instances": [
        {
          "schema_version": 0,
          "attributes": {
            "app_settings": {
              "BLOB_CONTAINER_NAME": "blobarchintran229a63044e",
              "BLOB_STORAGE_ENABLED": "true",
              "BLOB_STORAGE_URL": "archintran229a63044e.blob.core.windows.net",
              "DATABASE_HOST": "archintran-d4379aa4b3df497fa017ae84b09f953d-dbserver.mysql.database.azure.com",
              "DATABASE_NAME": "archintran_d4379aa4b3df497fa017ae84b09f953d_database",
              "DATABASE_PASSWORD": "3677IP2251M6Q664$",
              "DATABASE_USERNAME": "nksajsjmkb",
              "DOCKER_REGISTRY_SERVER_URL": "https://mcr.microsoft.com",
              "SETUP_PHPMYADMIN": "true",
              "STORAGE_ACCOUNT_KEY": "LUuMzaE1p43q4C1LrtNOpwcqaV7qVZ8Igu/5aDb/20PexV8PStjsM38vtj51AIlcYYtaQxbD8p6W+AStRqKyQg==",
              "STORAGE_ACCOUNT_NAME": "archintran229a63044e",
              "WEBSITES_CONTAINER_START_TIME_LIMIT": "1800",
              "WEBSITES_ENABLE_APP_SERVICE_STORAGE": "true",
              "WORDPRESS_ADMIN_EMAIL": "joshikunal@microsoft.com",
              "WORDPRESS_ADMIN_PASSWORD": "Arch$123",
              "WORDPRESS_ADMIN_USER": "joshikunal",
              "WORDPRESS_LOCALE_CODE": "en_US",
              "WORDPRESS_LOCAL_STORAGE_CACHE_ENABLED": "true",
              "WORDPRESS_TITLE": "WordPress On Azure"
            },
            "auth_settings": [],
            "auth_settings_v2": [],
            "backup": [],
            "client_affinity_enabled": false,
            "client_certificate_enabled": false,
            "client_certificate_exclusion_paths": "",
            "client_certificate_mode": "Required",
            "connection_string": [],
            "custom_domain_verification_id": "B627A6817FB13A403C8FDEC04C846690E96AAE0C68C52882F4F77D45AD883F5B",
            "default_hostname": "archintranet.azurewebsites.net",
            "enabled": true,
            "hosting_environment_id": "",
            "https_only": false,
            "id": "/subscriptions/c3df6b60-25b3-4b7c-a9a5-ccf154f68963/resourceGroups/Arch-wordpress-poc/providers/Microsoft.Web/sites/archintranet",
            "identity": [],
            "key_vault_reference_identity_id": "SystemAssigned",
            "kind": "app,linux,container",
            "location": "eastus2",
            "logs": [],
            "name": "archintranet",
            "outbound_ip_address_list": [
              "20.75.41.107",
              "20.75.43.104",
              "20.75.43.107",
              "20.75.43.113",
              "20.75.43.124",
              "20.75.43.204",
              "20.119.136.14"
            ],
            "outbound_ip_addresses": "20.75.41.107,20.75.43.104,20.75.43.107,20.75.43.113,20.75.43.124,20.75.43.204,20.119.136.14",
            "possible_outbound_ip_address_list": [
              "20.75.41.107",
              "20.75.43.104",
              "20.75.43.107",
              "20.75.43.113",
              "20.75.43.124",
              "20.75.43.204",
              "20.75.43.207",
              "20.75.43.214",
              "20.75.43.220",
              "20.75.44.0",
              "20.75.44.9",
              "20.75.44.52",
              "20.75.44.66",
              "20.75.44.82",
              "20.75.44.105",
              "20.75.44.108",
              "20.75.44.133",
              "20.75.44.135",
              "20.75.44.137",
              "20.75.44.147",
              "20.75.44.154",
              "20.75.44.195",
              "20.75.44.198",
              "20.75.45.32",
              "20.119.136.14"
            ],
            "possible_outbound_ip_addresses": "20.75.41.107,20.75.43.104,20.75.43.107,20.75.43.113,20.75.43.124,20.75.43.204,20.75.43.207,20.75.43.214,20.75.43.220,20.75.44.0,20.75.44.9,20.75.44.52,20.75.44.66,20.75.44.82,20.75.44.105,20.75.44.108,20.75.44.133,20.75.44.135,20.75.44.137,20.75.44.147,20.75.44.154,20.75.44.195,20.75.44.198,20.75.45.32,20.119.136.14",
            "resource_group_name": "Arch-wordpress-poc",
            "service_plan_id": "/subscriptions/c3df6b60-25b3-4b7c-a9a5-ccf154f68963/resourceGroups/Arch-wordpress-poc/providers/Microsoft.Web/serverfarms/ASP-Archwordpresspoc-8b3b",
            "site_config": [
              {
                "always_on": false,
                "api_definition_url": "",
                "api_management_api_id": "",
                "app_command_line": "",
                "application_stack": [
                  {
                    "docker_image": "mcr.microsoft.com/appsvc/wordpress-alpine-php",
                    "docker_image_tag": "8.2",
                    "dotnet_version": "",
                    "go_version": "",
                    "java_server": "",
                    "java_server_version": "",
                    "java_version": "",
                    "node_version": "",
                    "php_version": "",
                    "python_version": "",
                    "ruby_version": ""
                  }
                ],
                "auto_heal_enabled": false,
                "auto_heal_setting": [],
                "container_registry_managed_identity_client_id": "",
                "container_registry_use_managed_identity": false,
                "cors": [],
                "default_documents": [
                  "Default.htm",
                  "Default.html",
                  "Default.asp",
                  "index.htm",
                  "index.html",
                  "iisstart.htm",
                  "default.aspx",
                  "index.php",
                  "hostingstart.html"
                ],
                "detailed_error_logging_enabled": false,
                "ftps_state": "FtpsOnly",
                "health_check_eviction_time_in_min": 0,
                "health_check_path": "",
                "http2_enabled": false,
                "ip_restriction": [],
                "linux_fx_version": "DOCKER|mcr.microsoft.com/appsvc/wordpress-alpine-php:8.2",
                "load_balancing_mode": "LeastRequests",
                "local_mysql_enabled": false,
                "managed_pipeline_mode": "Integrated",
                "minimum_tls_version": "1.2",
                "remote_debugging_enabled": false,
                "remote_debugging_version": "",
                "scm_ip_restriction": [],
                "scm_minimum_tls_version": "1.2",
                "scm_type": "None",
                "scm_use_main_ip_restriction": false,
                "use_32_bit_worker": true,
                "vnet_route_all_enabled": true,
                "websockets_enabled": false,
                "worker_count": 1
              }
            ],
            "site_credential": [
              {
                "name": "$archintranet",
                "password": "zfuh5klY5eo3JsaqyK3Z4gYvNSJay9ss30hl8S4PWoQxBB4xt1jNwrfg736N"
              }
            ],
            "sticky_settings": [],
            "storage_account": [],
            "tags": {
              "AppProfile": "Wordpress",
              "ENV": "POC",
              "Entity": "Arch"
            },
            "timeouts": null,
            "virtual_network_subnet_id": "/subscriptions/c3df6b60-25b3-4b7c-a9a5-ccf154f68963/resourceGroups/Arch-wordpress-poc/providers/Microsoft.Network/virtualNetworks/archintran-f0f2d998eb-vnet/subnets/archintran-88801f72c2-appsubnet",
            "zip_deploy_file": ""
          },
          "sensitive_attributes": [],
          "private": "eyJlMmJmYjczMC1lY2FhLTExZTYtOGY4OC0zNDM2M2JjN2M0YzAiOnsiY3JlYXRlIjoxODAwMDAwMDAwMDAwLCJkZWxldGUiOjE4MDAwMDAwMDAwMDAsInJlYWQiOjMwMDAwMDAwMDAwMCwidXBkYXRlIjoxODAwMDAwMDAwMDAwfSwic2NoZW1hX3ZlcnNpb24iOiIwIn0="
        }
      ]
    },
    {
      "mode": "managed",
      "type": "azurerm_mysql_flexible_database",
      "name": "res-10",
      "provider": "provider[\"registry.terraform.io/hashicorp/azurerm\"]",
      "instances": [
        {
          "schema_version": 0,
          "attributes": {
            "charset": "utf8mb4",
            "collation": "utf8mb4_0900_ai_ci",
            "id": "/subscriptions/c3df6b60-25b3-4b7c-a9a5-ccf154f68963/resourceGroups/Arch-wordpress-poc/providers/Microsoft.DBforMySQL/flexibleServers/archintran-d4379aa4b3df497fa017ae84b09f953d-dbserver/databases/mysql",
            "name": "mysql",
            "resource_group_name": "Arch-wordpress-poc",
            "server_name": "archintran-d4379aa4b3df497fa017ae84b09f953d-dbserver",
            "timeouts": null
          },
          "sensitive_attributes": [],
          "private": "eyJlMmJmYjczMC1lY2FhLTExZTYtOGY4OC0zNDM2M2JjN2M0YzAiOnsiY3JlYXRlIjozNjAwMDAwMDAwMDAwLCJkZWxldGUiOjM2MDAwMDAwMDAwMDAsInJlYWQiOjMwMDAwMDAwMDAwMCwidXBkYXRlIjozNjAwMDAwMDAwMDAwfSwic2NoZW1hX3ZlcnNpb24iOiIwIn0="
        }
      ]
    },
    {
      "mode": "managed",
      "type": "azurerm_mysql_flexible_database",
      "name": "res-11",
      "provider": "provider[\"registry.terraform.io/hashicorp/azurerm\"]",
      "instances": [
        {
          "schema_version": 0,
          "attributes": {
            "charset": "utf8mb4",
            "collation": "utf8mb4_0900_ai_ci",
            "id": "/subscriptions/c3df6b60-25b3-4b7c-a9a5-ccf154f68963/resourceGroups/Arch-wordpress-poc/providers/Microsoft.DBforMySQL/flexibleServers/archintran-d4379aa4b3df497fa017ae84b09f953d-dbserver/databases/performance_schema",
            "name": "performance_schema",
            "resource_group_name": "Arch-wordpress-poc",
            "server_name": "archintran-d4379aa4b3df497fa017ae84b09f953d-dbserver",
            "timeouts": null
          },
          "sensitive_attributes": [],
          "private": "eyJlMmJmYjczMC1lY2FhLTExZTYtOGY4OC0zNDM2M2JjN2M0YzAiOnsiY3JlYXRlIjozNjAwMDAwMDAwMDAwLCJkZWxldGUiOjM2MDAwMDAwMDAwMDAsInJlYWQiOjMwMDAwMDAwMDAwMCwidXBkYXRlIjozNjAwMDAwMDAwMDAwfSwic2NoZW1hX3ZlcnNpb24iOiIwIn0="
        }
      ]
    },
    {
      "mode": "managed",
      "type": "azurerm_mysql_flexible_database",
      "name": "res-12",
      "provider": "provider[\"registry.terraform.io/hashicorp/azurerm\"]",
      "instances": [
        {
          "schema_version": 0,
          "attributes": {
            "charset": "utf8mb4",
            "collation": "utf8mb4_0900_ai_ci",
            "id": "/subscriptions/c3df6b60-25b3-4b7c-a9a5-ccf154f68963/resourceGroups/Arch-wordpress-poc/providers/Microsoft.DBforMySQL/flexibleServers/archintran-d4379aa4b3df497fa017ae84b09f953d-dbserver/databases/sys",
            "name": "sys",
            "resource_group_name": "Arch-wordpress-poc",
            "server_name": "archintran-d4379aa4b3df497fa017ae84b09f953d-dbserver",
            "timeouts": null
          },
          "sensitive_attributes": [],
          "private": "eyJlMmJmYjczMC1lY2FhLTExZTYtOGY4OC0zNDM2M2JjN2M0YzAiOnsiY3JlYXRlIjozNjAwMDAwMDAwMDAwLCJkZWxldGUiOjM2MDAwMDAwMDAwMDAsInJlYWQiOjMwMDAwMDAwMDAwMCwidXBkYXRlIjozNjAwMDAwMDAwMDAwfSwic2NoZW1hX3ZlcnNpb24iOiIwIn0="
        }
      ]
    },
    {
      "mode": "managed",
      "type": "azurerm_mysql_flexible_database",
      "name": "res-8",
      "provider": "provider[\"registry.terraform.io/hashicorp/azurerm\"]",
      "instances": [
        {
          "schema_version": 0,
          "attributes": {
            "charset": "utf8mb3",
            "collation": "utf8mb3_general_ci",
            "id": "/subscriptions/c3df6b60-25b3-4b7c-a9a5-ccf154f68963/resourceGroups/Arch-wordpress-poc/providers/Microsoft.DBforMySQL/flexibleServers/archintran-d4379aa4b3df497fa017ae84b09f953d-dbserver/databases/archintran_d4379aa4b3df497fa017ae84b09f953d_database",
            "name": "archintran_d4379aa4b3df497fa017ae84b09f953d_database",
            "resource_group_name": "Arch-wordpress-poc",
            "server_name": "archintran-d4379aa4b3df497fa017ae84b09f953d-dbserver",
            "timeouts": null
          },
          "sensitive_attributes": [],
          "private": "eyJlMmJmYjczMC1lY2FhLTExZTYtOGY4OC0zNDM2M2JjN2M0YzAiOnsiY3JlYXRlIjozNjAwMDAwMDAwMDAwLCJkZWxldGUiOjM2MDAwMDAwMDAwMDAsInJlYWQiOjMwMDAwMDAwMDAwMCwidXBkYXRlIjozNjAwMDAwMDAwMDAwfSwic2NoZW1hX3ZlcnNpb24iOiIwIn0="
        }
      ]
    },
    {
      "mode": "managed",
      "type": "azurerm_mysql_flexible_database",
      "name": "res-9",
      "provider": "provider[\"registry.terraform.io/hashicorp/azurerm\"]",
      "instances": [
        {
          "schema_version": 0,
          "attributes": {
            "charset": "utf8mb3",
            "collation": "utf8mb3_general_ci",
            "id": "/subscriptions/c3df6b60-25b3-4b7c-a9a5-ccf154f68963/resourceGroups/Arch-wordpress-poc/providers/Microsoft.DBforMySQL/flexibleServers/archintran-d4379aa4b3df497fa017ae84b09f953d-dbserver/databases/information_schema",
            "name": "information_schema",
            "resource_group_name": "Arch-wordpress-poc",
            "server_name": "archintran-d4379aa4b3df497fa017ae84b09f953d-dbserver",
            "timeouts": null
          },
          "sensitive_attributes": [],
          "private": "eyJlMmJmYjczMC1lY2FhLTExZTYtOGY4OC0zNDM2M2JjN2M0YzAiOnsiY3JlYXRlIjozNjAwMDAwMDAwMDAwLCJkZWxldGUiOjM2MDAwMDAwMDAwMDAsInJlYWQiOjMwMDAwMDAwMDAwMCwidXBkYXRlIjozNjAwMDAwMDAwMDAwfSwic2NoZW1hX3ZlcnNpb24iOiIwIn0="
        }
      ]
    },
    {
      "mode": "managed",
      "type": "azurerm_mysql_flexible_server",
      "name": "res-1",
      "provider": "provider[\"registry.terraform.io/hashicorp/azurerm\"]",
      "instances": [
        {
          "schema_version": 0,
          "attributes": {
            "administrator_login": "nksajsjmkb",
            "administrator_password": null,
            "backup_retention_days": 7,
            "create_mode": null,
            "customer_managed_key": [],
            "delegated_subnet_id": "/subscriptions/c3df6b60-25b3-4b7c-a9a5-ccf154f68963/resourceGroups/Arch-wordpress-poc/providers/Microsoft.Network/virtualNetworks/archintran-f0f2d998eb-vnet/subnets/archintran-88801f72c2-dbsubnet",
            "fqdn": "archintran-d4379aa4b3df497fa017ae84b09f953d-dbserver.mysql.database.azure.com",
            "geo_redundant_backup_enabled": false,
            "high_availability": [],
            "id": "/subscriptions/c3df6b60-25b3-4b7c-a9a5-ccf154f68963/resourceGroups/Arch-wordpress-poc/providers/Microsoft.DBforMySQL/flexibleServers/archintran-d4379aa4b3df497fa017ae84b09f953d-dbserver",
            "identity": [],
            "location": "eastus2",
            "maintenance_window": [],
            "name": "archintran-d4379aa4b3df497fa017ae84b09f953d-dbserver",
            "point_in_time_restore_time_in_utc": null,
            "private_dns_zone_id": "/subscriptions/c3df6b60-25b3-4b7c-a9a5-ccf154f68963/resourceGroups/Arch-wordpress-poc/providers/Microsoft.Network/privateDnsZones/archintran-88801f72c2-privatelink.mysql.database.azure.com",
            "public_network_access_enabled": false,
            "replica_capacity": 10,
            "replication_role": "None",
            "resource_group_name": "Arch-wordpress-poc",
            "sku_name": "GP_Standard_D2ds_v4",
            "source_server_id": null,
            "storage": [
              {
                "auto_grow_enabled": true,
                "iops": 700,
                "size_gb": 128
              }
            ],
            "tags": {
              "AppProfile": "Wordpress",
              "ENV": "POC",
              "Entity": "Arch"
            },
            "timeouts": null,
            "version": "8.0.21",
            "zone": "1"
          },
          "sensitive_attributes": [],
          "private": "eyJlMmJmYjczMC1lY2FhLTExZTYtOGY4OC0zNDM2M2JjN2M0YzAiOnsiY3JlYXRlIjozNjAwMDAwMDAwMDAwLCJkZWxldGUiOjM2MDAwMDAwMDAwMDAsInJlYWQiOjMwMDAwMDAwMDAwMCwidXBkYXRlIjozNjAwMDAwMDAwMDAwfSwic2NoZW1hX3ZlcnNpb24iOiIwIn0="
        }
      ]
    },
    {
      "mode": "managed",
      "type": "azurerm_network_security_group",
      "name": "res-166",
      "provider": "provider[\"registry.terraform.io/hashicorp/azurerm\"]",
      "instances": [
        {
          "schema_version": 0,
          "attributes": {
            "id": "/subscriptions/c3df6b60-25b3-4b7c-a9a5-ccf154f68963/resourceGroups/arch-wordpress-poc/providers/Microsoft.Network/networkSecurityGroups/archintran-f0f2d998eb-vnet-Archwordpressgwsubnet-nsg-eastus2",
            "location": "eastus2",
            "name": "archintran-f0f2d998eb-vnet-Archwordpressgwsubnet-nsg-eastus2",
            "resource_group_name": "arch-wordpress-poc",
            "security_rule": [
              {
                "access": "Allow",
                "description": "",
                "destination_address_prefix": "*",
                "destination_address_prefixes": [],
                "destination_application_security_group_ids": [],
                "destination_port_range": "3443",
                "destination_port_ranges": [],
                "direction": "Inbound",
                "name": "AllowTagCustom3443Inbound",
                "priority": 2701,
                "protocol": "*",
                "source_address_prefix": "Internet",
                "source_address_prefixes": [],
                "source_application_security_group_ids": [],
                "source_port_range": "*",
                "source_port_ranges": []
              },
              {
                "access": "Allow",
                "description": "",
                "destination_address_prefix": "*",
                "destination_address_prefixes": [],
                "destination_application_security_group_ids": [],
                "destination_port_range": "443",
                "destination_port_ranges": [],
                "direction": "Inbound",
                "name": "AllowTagCustom8080Inbound",
                "priority": 2700,
                "protocol": "Tcp",
                "source_address_prefix": "Internet",
                "source_address_prefixes": [],
                "source_application_security_group_ids": [],
                "source_port_range": "*",
                "source_port_ranges": []
              },
              {
                "access": "Allow",
                "description": "",
                "destination_address_prefix": "Storage",
                "destination_address_prefixes": [],
                "destination_application_security_group_ids": [],
                "destination_port_range": "8080",
                "destination_port_ranges": [],
                "direction": "Outbound",
                "name": "AllowTagCustom8080Outbound",
                "priority": 2712,
                "protocol": "*",
                "source_address_prefix": "VirtualNetwork",
                "source_address_prefixes": [],
                "source_application_security_group_ids": [],
                "source_port_range": "*",
                "source_port_ranges": []
              },
              {
                "access": "Allow",
                "description": "Allow GatewayManager",
                "destination_address_prefix": "*",
                "destination_address_prefixes": [],
                "destination_application_security_group_ids": [],
                "destination_port_range": "65200-65535",
                "destination_port_ranges": [],
                "direction": "Inbound",
                "name": "AllowGatewayManager",
                "priority": 2702,
                "protocol": "*",
                "source_address_prefix": "GatewayManager",
                "source_address_prefixes": [],
                "source_application_security_group_ids": [],
                "source_port_range": "*",
                "source_port_ranges": []
              }
            ],
            "tags": {
              "AppProfile": "Wordpress",
              "ENV": "POC",
              "Entity": "Arch"
            },
            "timeouts": null
          },
          "sensitive_attributes": [],
          "private": "eyJlMmJmYjczMC1lY2FhLTExZTYtOGY4OC0zNDM2M2JjN2M0YzAiOnsiY3JlYXRlIjoxODAwMDAwMDAwMDAwLCJkZWxldGUiOjE4MDAwMDAwMDAwMDAsInJlYWQiOjMwMDAwMDAwMDAwMCwidXBkYXRlIjoxODAwMDAwMDAwMDAwfSwic2NoZW1hX3ZlcnNpb24iOiIwIn0="
        }
      ]
    },
    {
      "mode": "managed",
      "type": "azurerm_network_security_group",
      "name": "res-171",
      "provider": "provider[\"registry.terraform.io/hashicorp/azurerm\"]",
      "instances": [
        {
          "schema_version": 0,
          "attributes": {
            "id": "/subscriptions/c3df6b60-25b3-4b7c-a9a5-ccf154f68963/resourceGroups/arch-wordpress-poc/providers/Microsoft.Network/networkSecurityGroups/archintran-f0f2d998eb-vnet-archintran-88801f72c2-appsubnet-nsg-eastus2",
            "location": "eastus2",
            "name": "archintran-f0f2d998eb-vnet-archintran-88801f72c2-appsubnet-nsg-eastus2",
            "resource_group_name": "arch-wordpress-poc",
            "security_rule": [
              {
                "access": "Allow",
                "description": "",
                "destination_address_prefix": "Storage",
                "destination_address_prefixes": [],
                "destination_application_security_group_ids": [],
                "destination_port_range": "8080",
                "destination_port_ranges": [],
                "direction": "Outbound",
                "name": "AllowTagCustom8080Outbound",
                "priority": 2711,
                "protocol": "*",
                "source_address_prefix": "VirtualNetwork",
                "source_address_prefixes": [],
                "source_application_security_group_ids": [],
                "source_port_range": "*",
                "source_port_ranges": []
              },
              {
                "access": "Allow",
                "description": "CSS Governance Security Rule.  Allow Corpnet inbound.  https://aka.ms/casg",
                "destination_address_prefix": "*",
                "destination_address_prefixes": [],
                "destination_application_security_group_ids": [],
                "destination_port_range": "443",
                "destination_port_ranges": [],
                "direction": "Inbound",
                "name": "AllowCorpnet",
                "priority": 2700,
                "protocol": "Tcp",
                "source_address_prefix": "*",
                "source_address_prefixes": [],
                "source_application_security_group_ids": [],
                "source_port_range": "*",
                "source_port_ranges": []
              },
              {
                "access": "Allow",
                "description": "CSS Governance Security Rule.  Allow SAW inbound.  https://aka.ms/casg",
                "destination_address_prefix": "*",
                "destination_address_prefixes": [],
                "destination_application_security_group_ids": [],
                "destination_port_range": "*",
                "destination_port_ranges": [],
                "direction": "Inbound",
                "name": "AllowSAW",
                "priority": 2701,
                "protocol": "*",
                "source_address_prefix": "CorpNetSaw",
                "source_address_prefixes": [],
                "source_application_security_group_ids": [],
                "source_port_range": "*",
                "source_port_ranges": []
              }
            ],
            "tags": {
              "AppProfile": "Wordpress",
              "ENV": "POC",
              "Entity": "Arch"
            },
            "timeouts": null
          },
          "sensitive_attributes": [],
          "private": "eyJlMmJmYjczMC1lY2FhLTExZTYtOGY4OC0zNDM2M2JjN2M0YzAiOnsiY3JlYXRlIjoxODAwMDAwMDAwMDAwLCJkZWxldGUiOjE4MDAwMDAwMDAwMDAsInJlYWQiOjMwMDAwMDAwMDAwMCwidXBkYXRlIjoxODAwMDAwMDAwMDAwfSwic2NoZW1hX3ZlcnNpb24iOiIwIn0="
        }
      ]
    },
    {
      "mode": "managed",
      "type": "azurerm_network_security_group",
      "name": "res-175",
      "provider": "provider[\"registry.terraform.io/hashicorp/azurerm\"]",
      "instances": [
        {
          "schema_version": 0,
          "attributes": {
            "id": "/subscriptions/c3df6b60-25b3-4b7c-a9a5-ccf154f68963/resourceGroups/arch-wordpress-poc/providers/Microsoft.Network/networkSecurityGroups/archintran-f0f2d998eb-vnet-archintran-88801f72c2-dbsubnet-nsg-eastus2",
            "location": "eastus2",
            "name": "archintran-f0f2d998eb-vnet-archintran-88801f72c2-dbsubnet-nsg-eastus2",
            "resource_group_name": "arch-wordpress-poc",
            "security_rule": [
              {
                "access": "Allow",
                "description": "CSS Governance Security Rule.  Allow Corpnet inbound.  https://aka.ms/casg",
                "destination_address_prefix": "*",
                "destination_address_prefixes": [],
                "destination_application_security_group_ids": [],
                "destination_port_range": "*",
                "destination_port_ranges": [],
                "direction": "Inbound",
                "name": "AllowCorpnet",
                "priority": 2700,
                "protocol": "*",
                "source_address_prefix": "CorpNetPublic",
                "source_address_prefixes": [],
                "source_application_security_group_ids": [],
                "source_port_range": "*",
                "source_port_ranges": []
              },
              {
                "access": "Allow",
                "description": "CSS Governance Security Rule.  Allow SAW inbound.  https://aka.ms/casg",
                "destination_address_prefix": "*",
                "destination_address_prefixes": [],
                "destination_application_security_group_ids": [],
                "destination_port_range": "*",
                "destination_port_ranges": [],
                "direction": "Inbound",
                "name": "AllowSAW",
                "priority": 2701,
                "protocol": "*",
                "source_address_prefix": "CorpNetSaw",
                "source_address_prefixes": [],
                "source_application_security_group_ids": [],
                "source_port_range": "*",
                "source_port_ranges": []
              }
            ],
            "tags": {
              "AppProfile": "Wordpress",
              "ENV": "POC",
              "Entity": "Arch"
            },
            "timeouts": null
          },
          "sensitive_attributes": [],
          "private": "eyJlMmJmYjczMC1lY2FhLTExZTYtOGY4OC0zNDM2M2JjN2M0YzAiOnsiY3JlYXRlIjoxODAwMDAwMDAwMDAwLCJkZWxldGUiOjE4MDAwMDAwMDAwMDAsInJlYWQiOjMwMDAwMDAwMDAwMCwidXBkYXRlIjoxODAwMDAwMDAwMDAwfSwic2NoZW1hX3ZlcnNpb24iOiIwIn0="
        }
      ]
    },
    {
      "mode": "managed",
      "type": "azurerm_network_security_group",
      "name": "res-178",
      "provider": "provider[\"registry.terraform.io/hashicorp/azurerm\"]",
      "instances": [
        {
          "schema_version": 0,
          "attributes": {
            "id": "/subscriptions/c3df6b60-25b3-4b7c-a9a5-ccf154f68963/resourceGroups/arch-wordpress-poc/providers/Microsoft.Network/networkSecurityGroups/archintran-f0f2d998eb-vnet-archintranetstoragepesubnet-nsg-eastus2",
            "location": "eastus2",
            "name": "archintran-f0f2d998eb-vnet-archintranetstoragepesubnet-nsg-eastus2",
            "resource_group_name": "arch-wordpress-poc",
            "security_rule": [
              {
                "access": "Allow",
                "description": "CSS Governance Security Rule.  Allow Corpnet inbound.  https://aka.ms/casg",
                "destination_address_prefix": "*",
                "destination_address_prefixes": [],
                "destination_application_security_group_ids": [],
                "destination_port_range": "*",
                "destination_port_ranges": [],
                "direction": "Inbound",
                "name": "AllowCorpnet",
                "priority": 2700,
                "protocol": "*",
                "source_address_prefix": "CorpNetPublic",
                "source_address_prefixes": [],
                "source_application_security_group_ids": [],
                "source_port_range": "*",
                "source_port_ranges": []
              },
              {
                "access": "Allow",
                "description": "CSS Governance Security Rule.  Allow SAW inbound.  https://aka.ms/casg",
                "destination_address_prefix": "*",
                "destination_address_prefixes": [],
                "destination_application_security_group_ids": [],
                "destination_port_range": "*",
                "destination_port_ranges": [],
                "direction": "Inbound",
                "name": "AllowSAW",
                "priority": 2701,
                "protocol": "*",
                "source_address_prefix": "CorpNetSaw",
                "source_address_prefixes": [],
                "source_application_security_group_ids": [],
                "source_port_range": "*",
                "source_port_ranges": []
              }
            ],
            "tags": {
              "AppProfile": "Wordpress",
              "ENV": "POC",
              "Entity": "Arch"
            },
            "timeouts": null
          },
          "sensitive_attributes": [],
          "private": "eyJlMmJmYjczMC1lY2FhLTExZTYtOGY4OC0zNDM2M2JjN2M0YzAiOnsiY3JlYXRlIjoxODAwMDAwMDAwMDAwLCJkZWxldGUiOjE4MDAwMDAwMDAwMDAsInJlYWQiOjMwMDAwMDAwMDAwMCwidXBkYXRlIjoxODAwMDAwMDAwMDAwfSwic2NoZW1hX3ZlcnNpb24iOiIwIn0="
        }
      ]
    },
    {
      "mode": "managed",
      "type": "azurerm_network_security_rule",
      "name": "res-167",
      "provider": "provider[\"registry.terraform.io/hashicorp/azurerm\"]",
      "instances": [
        {
          "schema_version": 0,
          "attributes": {
            "access": "Allow",
            "description": "Allow GatewayManager",
            "destination_address_prefix": "*",
            "destination_address_prefixes": [],
            "destination_application_security_group_ids": [],
            "destination_port_range": "65200-65535",
            "destination_port_ranges": [],
            "direction": "Inbound",
            "id": "/subscriptions/c3df6b60-25b3-4b7c-a9a5-ccf154f68963/resourceGroups/arch-wordpress-poc/providers/Microsoft.Network/networkSecurityGroups/archintran-f0f2d998eb-vnet-Archwordpressgwsubnet-nsg-eastus2/securityRules/AllowGatewayManager",
            "name": "AllowGatewayManager",
            "network_security_group_name": "archintran-f0f2d998eb-vnet-Archwordpressgwsubnet-nsg-eastus2",
            "priority": 2702,
            "protocol": "*",
            "resource_group_name": "arch-wordpress-poc",
            "source_address_prefix": "GatewayManager",
            "source_address_prefixes": [],
            "source_application_security_group_ids": [],
            "source_port_range": "*",
            "source_port_ranges": [],
            "timeouts": null
          },
          "sensitive_attributes": [],
          "private": "eyJlMmJmYjczMC1lY2FhLTExZTYtOGY4OC0zNDM2M2JjN2M0YzAiOnsiY3JlYXRlIjoxODAwMDAwMDAwMDAwLCJkZWxldGUiOjE4MDAwMDAwMDAwMDAsInJlYWQiOjMwMDAwMDAwMDAwMCwidXBkYXRlIjoxODAwMDAwMDAwMDAwfSwic2NoZW1hX3ZlcnNpb24iOiIwIn0="
        }
      ]
    },
    {
      "mode": "managed",
      "type": "azurerm_network_security_rule",
      "name": "res-168",
      "provider": "provider[\"registry.terraform.io/hashicorp/azurerm\"]",
      "instances": [
        {
          "schema_version": 0,
          "attributes": {
            "access": "Allow",
            "description": "",
            "destination_address_prefix": "*",
            "destination_address_prefixes": [],
            "destination_application_security_group_ids": [],
            "destination_port_range": "3443",
            "destination_port_ranges": [],
            "direction": "Inbound",
            "id": "/subscriptions/c3df6b60-25b3-4b7c-a9a5-ccf154f68963/resourceGroups/arch-wordpress-poc/providers/Microsoft.Network/networkSecurityGroups/archintran-f0f2d998eb-vnet-Archwordpressgwsubnet-nsg-eastus2/securityRules/AllowTagCustom3443Inbound",
            "name": "AllowTagCustom3443Inbound",
            "network_security_group_name": "archintran-f0f2d998eb-vnet-Archwordpressgwsubnet-nsg-eastus2",
            "priority": 2701,
            "protocol": "*",
            "resource_group_name": "arch-wordpress-poc",
            "source_address_prefix": "Internet",
            "source_address_prefixes": [],
            "source_application_security_group_ids": [],
            "source_port_range": "*",
            "source_port_ranges": [],
            "timeouts": null
          },
          "sensitive_attributes": [],
          "private": "eyJlMmJmYjczMC1lY2FhLTExZTYtOGY4OC0zNDM2M2JjN2M0YzAiOnsiY3JlYXRlIjoxODAwMDAwMDAwMDAwLCJkZWxldGUiOjE4MDAwMDAwMDAwMDAsInJlYWQiOjMwMDAwMDAwMDAwMCwidXBkYXRlIjoxODAwMDAwMDAwMDAwfSwic2NoZW1hX3ZlcnNpb24iOiIwIn0="
        }
      ]
    },
    {
      "mode": "managed",
      "type": "azurerm_network_security_rule",
      "name": "res-169",
      "provider": "provider[\"registry.terraform.io/hashicorp/azurerm\"]",
      "instances": [
        {
          "schema_version": 0,
          "attributes": {
            "access": "Allow",
            "description": "",
            "destination_address_prefix": "*",
            "destination_address_prefixes": [],
            "destination_application_security_group_ids": [],
            "destination_port_range": "443",
            "destination_port_ranges": [],
            "direction": "Inbound",
            "id": "/subscriptions/c3df6b60-25b3-4b7c-a9a5-ccf154f68963/resourceGroups/arch-wordpress-poc/providers/Microsoft.Network/networkSecurityGroups/archintran-f0f2d998eb-vnet-Archwordpressgwsubnet-nsg-eastus2/securityRules/AllowTagCustom8080Inbound",
            "name": "AllowTagCustom8080Inbound",
            "network_security_group_name": "archintran-f0f2d998eb-vnet-Archwordpressgwsubnet-nsg-eastus2",
            "priority": 2700,
            "protocol": "Tcp",
            "resource_group_name": "arch-wordpress-poc",
            "source_address_prefix": "Internet",
            "source_address_prefixes": [],
            "source_application_security_group_ids": [],
            "source_port_range": "*",
            "source_port_ranges": [],
            "timeouts": null
          },
          "sensitive_attributes": [],
          "private": "eyJlMmJmYjczMC1lY2FhLTExZTYtOGY4OC0zNDM2M2JjN2M0YzAiOnsiY3JlYXRlIjoxODAwMDAwMDAwMDAwLCJkZWxldGUiOjE4MDAwMDAwMDAwMDAsInJlYWQiOjMwMDAwMDAwMDAwMCwidXBkYXRlIjoxODAwMDAwMDAwMDAwfSwic2NoZW1hX3ZlcnNpb24iOiIwIn0="
        }
      ]
    },
    {
      "mode": "managed",
      "type": "azurerm_network_security_rule",
      "name": "res-170",
      "provider": "provider[\"registry.terraform.io/hashicorp/azurerm\"]",
      "instances": [
        {
          "schema_version": 0,
          "attributes": {
            "access": "Allow",
            "description": "",
            "destination_address_prefix": "Storage",
            "destination_address_prefixes": [],
            "destination_application_security_group_ids": [],
            "destination_port_range": "8080",
            "destination_port_ranges": [],
            "direction": "Outbound",
            "id": "/subscriptions/c3df6b60-25b3-4b7c-a9a5-ccf154f68963/resourceGroups/arch-wordpress-poc/providers/Microsoft.Network/networkSecurityGroups/archintran-f0f2d998eb-vnet-Archwordpressgwsubnet-nsg-eastus2/securityRules/AllowTagCustom8080Outbound",
            "name": "AllowTagCustom8080Outbound",
            "network_security_group_name": "archintran-f0f2d998eb-vnet-Archwordpressgwsubnet-nsg-eastus2",
            "priority": 2712,
            "protocol": "*",
            "resource_group_name": "arch-wordpress-poc",
            "source_address_prefix": "VirtualNetwork",
            "source_address_prefixes": [],
            "source_application_security_group_ids": [],
            "source_port_range": "*",
            "source_port_ranges": [],
            "timeouts": null
          },
          "sensitive_attributes": [],
          "private": "eyJlMmJmYjczMC1lY2FhLTExZTYtOGY4OC0zNDM2M2JjN2M0YzAiOnsiY3JlYXRlIjoxODAwMDAwMDAwMDAwLCJkZWxldGUiOjE4MDAwMDAwMDAwMDAsInJlYWQiOjMwMDAwMDAwMDAwMCwidXBkYXRlIjoxODAwMDAwMDAwMDAwfSwic2NoZW1hX3ZlcnNpb24iOiIwIn0="
        }
      ]
    },
    {
      "mode": "managed",
      "type": "azurerm_network_security_rule",
      "name": "res-172",
      "provider": "provider[\"registry.terraform.io/hashicorp/azurerm\"]",
      "instances": [
        {
          "schema_version": 0,
          "attributes": {
            "access": "Allow",
            "description": "CSS Governance Security Rule.  Allow Corpnet inbound.  https://aka.ms/casg",
            "destination_address_prefix": "*",
            "destination_address_prefixes": [],
            "destination_application_security_group_ids": [],
            "destination_port_range": "443",
            "destination_port_ranges": [],
            "direction": "Inbound",
            "id": "/subscriptions/c3df6b60-25b3-4b7c-a9a5-ccf154f68963/resourceGroups/arch-wordpress-poc/providers/Microsoft.Network/networkSecurityGroups/archintran-f0f2d998eb-vnet-archintran-88801f72c2-appsubnet-nsg-eastus2/securityRules/AllowCorpnet",
            "name": "AllowCorpnet",
            "network_security_group_name": "archintran-f0f2d998eb-vnet-archintran-88801f72c2-appsubnet-nsg-eastus2",
            "priority": 2700,
            "protocol": "Tcp",
            "resource_group_name": "arch-wordpress-poc",
            "source_address_prefix": "*",
            "source_address_prefixes": [],
            "source_application_security_group_ids": [],
            "source_port_range": "*",
            "source_port_ranges": [],
            "timeouts": null
          },
          "sensitive_attributes": [],
          "private": "eyJlMmJmYjczMC1lY2FhLTExZTYtOGY4OC0zNDM2M2JjN2M0YzAiOnsiY3JlYXRlIjoxODAwMDAwMDAwMDAwLCJkZWxldGUiOjE4MDAwMDAwMDAwMDAsInJlYWQiOjMwMDAwMDAwMDAwMCwidXBkYXRlIjoxODAwMDAwMDAwMDAwfSwic2NoZW1hX3ZlcnNpb24iOiIwIn0="
        }
      ]
    },
    {
      "mode": "managed",
      "type": "azurerm_network_security_rule",
      "name": "res-173",
      "provider": "provider[\"registry.terraform.io/hashicorp/azurerm\"]",
      "instances": [
        {
          "schema_version": 0,
          "attributes": {
            "access": "Allow",
            "description": "CSS Governance Security Rule.  Allow SAW inbound.  https://aka.ms/casg",
            "destination_address_prefix": "*",
            "destination_address_prefixes": [],
            "destination_application_security_group_ids": [],
            "destination_port_range": "*",
            "destination_port_ranges": [],
            "direction": "Inbound",
            "id": "/subscriptions/c3df6b60-25b3-4b7c-a9a5-ccf154f68963/resourceGroups/arch-wordpress-poc/providers/Microsoft.Network/networkSecurityGroups/archintran-f0f2d998eb-vnet-archintran-88801f72c2-appsubnet-nsg-eastus2/securityRules/AllowSAW",
            "name": "AllowSAW",
            "network_security_group_name": "archintran-f0f2d998eb-vnet-archintran-88801f72c2-appsubnet-nsg-eastus2",
            "priority": 2701,
            "protocol": "*",
            "resource_group_name": "arch-wordpress-poc",
            "source_address_prefix": "CorpNetSaw",
            "source_address_prefixes": [],
            "source_application_security_group_ids": [],
            "source_port_range": "*",
            "source_port_ranges": [],
            "timeouts": null
          },
          "sensitive_attributes": [],
          "private": "eyJlMmJmYjczMC1lY2FhLTExZTYtOGY4OC0zNDM2M2JjN2M0YzAiOnsiY3JlYXRlIjoxODAwMDAwMDAwMDAwLCJkZWxldGUiOjE4MDAwMDAwMDAwMDAsInJlYWQiOjMwMDAwMDAwMDAwMCwidXBkYXRlIjoxODAwMDAwMDAwMDAwfSwic2NoZW1hX3ZlcnNpb24iOiIwIn0="
        }
      ]
    },
    {
      "mode": "managed",
      "type": "azurerm_network_security_rule",
      "name": "res-174",
      "provider": "provider[\"registry.terraform.io/hashicorp/azurerm\"]",
      "instances": [
        {
          "schema_version": 0,
          "attributes": {
            "access": "Allow",
            "description": "",
            "destination_address_prefix": "Storage",
            "destination_address_prefixes": [],
            "destination_application_security_group_ids": [],
            "destination_port_range": "8080",
            "destination_port_ranges": [],
            "direction": "Outbound",
            "id": "/subscriptions/c3df6b60-25b3-4b7c-a9a5-ccf154f68963/resourceGroups/arch-wordpress-poc/providers/Microsoft.Network/networkSecurityGroups/archintran-f0f2d998eb-vnet-archintran-88801f72c2-appsubnet-nsg-eastus2/securityRules/AllowTagCustom8080Outbound",
            "name": "AllowTagCustom8080Outbound",
            "network_security_group_name": "archintran-f0f2d998eb-vnet-archintran-88801f72c2-appsubnet-nsg-eastus2",
            "priority": 2711,
            "protocol": "*",
            "resource_group_name": "arch-wordpress-poc",
            "source_address_prefix": "VirtualNetwork",
            "source_address_prefixes": [],
            "source_application_security_group_ids": [],
            "source_port_range": "*",
            "source_port_ranges": [],
            "timeouts": null
          },
          "sensitive_attributes": [],
          "private": "eyJlMmJmYjczMC1lY2FhLTExZTYtOGY4OC0zNDM2M2JjN2M0YzAiOnsiY3JlYXRlIjoxODAwMDAwMDAwMDAwLCJkZWxldGUiOjE4MDAwMDAwMDAwMDAsInJlYWQiOjMwMDAwMDAwMDAwMCwidXBkYXRlIjoxODAwMDAwMDAwMDAwfSwic2NoZW1hX3ZlcnNpb24iOiIwIn0="
        }
      ]
    },
    {
      "mode": "managed",
      "type": "azurerm_network_security_rule",
      "name": "res-176",
      "provider": "provider[\"registry.terraform.io/hashicorp/azurerm\"]",
      "instances": [
        {
          "schema_version": 0,
          "attributes": {
            "access": "Allow",
            "description": "CSS Governance Security Rule.  Allow Corpnet inbound.  https://aka.ms/casg",
            "destination_address_prefix": "*",
            "destination_address_prefixes": [],
            "destination_application_security_group_ids": [],
            "destination_port_range": "*",
            "destination_port_ranges": [],
            "direction": "Inbound",
            "id": "/subscriptions/c3df6b60-25b3-4b7c-a9a5-ccf154f68963/resourceGroups/arch-wordpress-poc/providers/Microsoft.Network/networkSecurityGroups/archintran-f0f2d998eb-vnet-archintran-88801f72c2-dbsubnet-nsg-eastus2/securityRules/AllowCorpnet",
            "name": "AllowCorpnet",
            "network_security_group_name": "archintran-f0f2d998eb-vnet-archintran-88801f72c2-dbsubnet-nsg-eastus2",
            "priority": 2700,
            "protocol": "*",
            "resource_group_name": "arch-wordpress-poc",
            "source_address_prefix": "CorpNetPublic",
            "source_address_prefixes": [],
            "source_application_security_group_ids": [],
            "source_port_range": "*",
            "source_port_ranges": [],
            "timeouts": null
          },
          "sensitive_attributes": [],
          "private": "eyJlMmJmYjczMC1lY2FhLTExZTYtOGY4OC0zNDM2M2JjN2M0YzAiOnsiY3JlYXRlIjoxODAwMDAwMDAwMDAwLCJkZWxldGUiOjE4MDAwMDAwMDAwMDAsInJlYWQiOjMwMDAwMDAwMDAwMCwidXBkYXRlIjoxODAwMDAwMDAwMDAwfSwic2NoZW1hX3ZlcnNpb24iOiIwIn0="
        }
      ]
    },
    {
      "mode": "managed",
      "type": "azurerm_network_security_rule",
      "name": "res-177",
      "provider": "provider[\"registry.terraform.io/hashicorp/azurerm\"]",
      "instances": [
        {
          "schema_version": 0,
          "attributes": {
            "access": "Allow",
            "description": "CSS Governance Security Rule.  Allow SAW inbound.  https://aka.ms/casg",
            "destination_address_prefix": "*",
            "destination_address_prefixes": [],
            "destination_application_security_group_ids": [],
            "destination_port_range": "*",
            "destination_port_ranges": [],
            "direction": "Inbound",
            "id": "/subscriptions/c3df6b60-25b3-4b7c-a9a5-ccf154f68963/resourceGroups/arch-wordpress-poc/providers/Microsoft.Network/networkSecurityGroups/archintran-f0f2d998eb-vnet-archintran-88801f72c2-dbsubnet-nsg-eastus2/securityRules/AllowSAW",
            "name": "AllowSAW",
            "network_security_group_name": "archintran-f0f2d998eb-vnet-archintran-88801f72c2-dbsubnet-nsg-eastus2",
            "priority": 2701,
            "protocol": "*",
            "resource_group_name": "arch-wordpress-poc",
            "source_address_prefix": "CorpNetSaw",
            "source_address_prefixes": [],
            "source_application_security_group_ids": [],
            "source_port_range": "*",
            "source_port_ranges": [],
            "timeouts": null
          },
          "sensitive_attributes": [],
          "private": "eyJlMmJmYjczMC1lY2FhLTExZTYtOGY4OC0zNDM2M2JjN2M0YzAiOnsiY3JlYXRlIjoxODAwMDAwMDAwMDAwLCJkZWxldGUiOjE4MDAwMDAwMDAwMDAsInJlYWQiOjMwMDAwMDAwMDAwMCwidXBkYXRlIjoxODAwMDAwMDAwMDAwfSwic2NoZW1hX3ZlcnNpb24iOiIwIn0="
        }
      ]
    },
    {
      "mode": "managed",
      "type": "azurerm_network_security_rule",
      "name": "res-179",
      "provider": "provider[\"registry.terraform.io/hashicorp/azurerm\"]",
      "instances": [
        {
          "schema_version": 0,
          "attributes": {
            "access": "Allow",
            "description": "CSS Governance Security Rule.  Allow Corpnet inbound.  https://aka.ms/casg",
            "destination_address_prefix": "*",
            "destination_address_prefixes": [],
            "destination_application_security_group_ids": [],
            "destination_port_range": "*",
            "destination_port_ranges": [],
            "direction": "Inbound",
            "id": "/subscriptions/c3df6b60-25b3-4b7c-a9a5-ccf154f68963/resourceGroups/arch-wordpress-poc/providers/Microsoft.Network/networkSecurityGroups/archintran-f0f2d998eb-vnet-archintranetstoragepesubnet-nsg-eastus2/securityRules/AllowCorpnet",
            "name": "AllowCorpnet",
            "network_security_group_name": "archintran-f0f2d998eb-vnet-archintranetstoragepesubnet-nsg-eastus2",
            "priority": 2700,
            "protocol": "*",
            "resource_group_name": "arch-wordpress-poc",
            "source_address_prefix": "CorpNetPublic",
            "source_address_prefixes": [],
            "source_application_security_group_ids": [],
            "source_port_range": "*",
            "source_port_ranges": [],
            "timeouts": null
          },
          "sensitive_attributes": [],
          "private": "eyJlMmJmYjczMC1lY2FhLTExZTYtOGY4OC0zNDM2M2JjN2M0YzAiOnsiY3JlYXRlIjoxODAwMDAwMDAwMDAwLCJkZWxldGUiOjE4MDAwMDAwMDAwMDAsInJlYWQiOjMwMDAwMDAwMDAwMCwidXBkYXRlIjoxODAwMDAwMDAwMDAwfSwic2NoZW1hX3ZlcnNpb24iOiIwIn0="
        }
      ]
    },
    {
      "mode": "managed",
      "type": "azurerm_network_security_rule",
      "name": "res-180",
      "provider": "provider[\"registry.terraform.io/hashicorp/azurerm\"]",
      "instances": [
        {
          "schema_version": 0,
          "attributes": {
            "access": "Allow",
            "description": "CSS Governance Security Rule.  Allow SAW inbound.  https://aka.ms/casg",
            "destination_address_prefix": "*",
            "destination_address_prefixes": [],
            "destination_application_security_group_ids": [],
            "destination_port_range": "*",
            "destination_port_ranges": [],
            "direction": "Inbound",
            "id": "/subscriptions/c3df6b60-25b3-4b7c-a9a5-ccf154f68963/resourceGroups/arch-wordpress-poc/providers/Microsoft.Network/networkSecurityGroups/archintran-f0f2d998eb-vnet-archintranetstoragepesubnet-nsg-eastus2/securityRules/AllowSAW",
            "name": "AllowSAW",
            "network_security_group_name": "archintran-f0f2d998eb-vnet-archintranetstoragepesubnet-nsg-eastus2",
            "priority": 2701,
            "protocol": "*",
            "resource_group_name": "arch-wordpress-poc",
            "source_address_prefix": "CorpNetSaw",
            "source_address_prefixes": [],
            "source_application_security_group_ids": [],
            "source_port_range": "*",
            "source_port_ranges": [],
            "timeouts": null
          },
          "sensitive_attributes": [],
          "private": "eyJlMmJmYjczMC1lY2FhLTExZTYtOGY4OC0zNDM2M2JjN2M0YzAiOnsiY3JlYXRlIjoxODAwMDAwMDAwMDAwLCJkZWxldGUiOjE4MDAwMDAwMDAwMDAsInJlYWQiOjMwMDAwMDAwMDAwMCwidXBkYXRlIjoxODAwMDAwMDAwMDAwfSwic2NoZW1hX3ZlcnNpb24iOiIwIn0="
        }
      ]
    },
    {
      "mode": "managed",
      "type": "azurerm_private_dns_a_record",
      "name": "res-181",
      "provider": "provider[\"registry.terraform.io/hashicorp/azurerm\"]",
      "instances": [
        {
          "schema_version": 0,
          "attributes": {
            "fqdn": "archintran-d4379aa4b3df497fa017ae84b09f953d-dbserver.archintran-88801f72c2-privatelink.mysql.database.azure.com.",
            "id": "/subscriptions/c3df6b60-25b3-4b7c-a9a5-ccf154f68963/resourceGroups/arch-wordpress-poc/providers/Microsoft.Network/privateDnsZones/archintran-88801f72c2-privatelink.mysql.database.azure.com/A/archintran-d4379aa4b3df497fa017ae84b09f953d-dbserver",
            "name": "archintran-d4379aa4b3df497fa017ae84b09f953d-dbserver",
            "records": [
              "10.0.1.4"
            ],
            "resource_group_name": "arch-wordpress-poc",
            "tags": {},
            "timeouts": null,
            "ttl": 30,
            "zone_name": "archintran-88801f72c2-privatelink.mysql.database.azure.com"
          },
          "sensitive_attributes": [],
          "private": "eyJlMmJmYjczMC1lY2FhLTExZTYtOGY4OC0zNDM2M2JjN2M0YzAiOnsiY3JlYXRlIjoxODAwMDAwMDAwMDAwLCJkZWxldGUiOjE4MDAwMDAwMDAwMDAsInJlYWQiOjMwMDAwMDAwMDAwMCwidXBkYXRlIjoxODAwMDAwMDAwMDAwfSwic2NoZW1hX3ZlcnNpb24iOiIwIn0="
        }
      ]
    },
    {
      "mode": "managed",
      "type": "azurerm_private_dns_zone",
      "name": "res-20",
      "provider": "provider[\"registry.terraform.io/hashicorp/azurerm\"]",
      "instances": [
        {
          "schema_version": 0,
          "attributes": {
            "id": "/subscriptions/c3df6b60-25b3-4b7c-a9a5-ccf154f68963/resourceGroups/Arch-wordpress-poc/providers/Microsoft.Network/privateDnsZones/archintran-88801f72c2-privatelink.mysql.database.azure.com",
            "max_number_of_record_sets": 25000,
            "max_number_of_virtual_network_links": 1000,
            "max_number_of_virtual_network_links_with_registration": 100,
            "name": "archintran-88801f72c2-privatelink.mysql.database.azure.com",
            "number_of_record_sets": 2,
            "resource_group_name": "Arch-wordpress-poc",
            "soa_record": [
              {
                "email": "azureprivatedns-host.microsoft.com",
                "expire_time": 2419200,
                "fqdn": "archintran-88801f72c2-privatelink.mysql.database.azure.com.",
                "host_name": "azureprivatedns.net",
                "minimum_ttl": 10,
                "refresh_time": 3600,
                "retry_time": 300,
                "serial_number": 1,
                "tags": {},
                "ttl": 3600
              }
            ],
            "tags": {
              "AppProfile": "Wordpress",
              "ENV": "POC",
              "Entity": "Arch"
            },
            "timeouts": null
          },
          "sensitive_attributes": [],
          "private": "eyJlMmJmYjczMC1lY2FhLTExZTYtOGY4OC0zNDM2M2JjN2M0YzAiOnsiY3JlYXRlIjoxODAwMDAwMDAwMDAwLCJkZWxldGUiOjE4MDAwMDAwMDAwMDAsInJlYWQiOjMwMDAwMDAwMDAwMCwidXBkYXRlIjoxODAwMDAwMDAwMDAwfSwic2NoZW1hX3ZlcnNpb24iOiIwIn0="
        }
      ]
    },
    {
      "mode": "managed",
      "type": "azurerm_private_dns_zone",
      "name": "res-22",
      "provider": "provider[\"registry.terraform.io/hashicorp/azurerm\"]",
      "instances": [
        {
          "schema_version": 0,
          "attributes": {
            "id": "/subscriptions/c3df6b60-25b3-4b7c-a9a5-ccf154f68963/resourceGroups/Arch-wordpress-poc/providers/Microsoft.Network/privateDnsZones/privatelink.blob.core.windows.net",
            "max_number_of_record_sets": 25000,
            "max_number_of_virtual_network_links": 1000,
            "max_number_of_virtual_network_links_with_registration": 100,
            "name": "privatelink.blob.core.windows.net",
            "number_of_record_sets": 1,
            "resource_group_name": "Arch-wordpress-poc",
            "soa_record": [
              {
                "email": "azureprivatedns-host.microsoft.com",
                "expire_time": 2419200,
                "fqdn": "privatelink.blob.core.windows.net.",
                "host_name": "azureprivatedns.net",
                "minimum_ttl": 10,
                "refresh_time": 3600,
                "retry_time": 300,
                "serial_number": 1,
                "tags": {},
                "ttl": 3600
              }
            ],
            "tags": {
              "ENV": "POC",
              "Entity": "Arch"
            },
            "timeouts": null
          },
          "sensitive_attributes": [],
          "private": "eyJlMmJmYjczMC1lY2FhLTExZTYtOGY4OC0zNDM2M2JjN2M0YzAiOnsiY3JlYXRlIjoxODAwMDAwMDAwMDAwLCJkZWxldGUiOjE4MDAwMDAwMDAwMDAsInJlYWQiOjMwMDAwMDAwMDAwMCwidXBkYXRlIjoxODAwMDAwMDAwMDAwfSwic2NoZW1hX3ZlcnNpb24iOiIwIn0="
        }
      ]
    },
    {
      "mode": "managed",
      "type": "azurerm_private_dns_zone_virtual_network_link",
      "name": "res-21",
      "provider": "provider[\"registry.terraform.io/hashicorp/azurerm\"]",
      "instances": [
        {
          "schema_version": 0,
          "attributes": {
            "id": "/subscriptions/c3df6b60-25b3-4b7c-a9a5-ccf154f68963/resourceGroups/Arch-wordpress-poc/providers/Microsoft.Network/privateDnsZones/archintran-88801f72c2-privatelink.mysql.database.azure.com/virtualNetworkLinks/archintran-88801f72c2-privatelink.mysql.database.azure.com-vnetlink",
            "name": "archintran-88801f72c2-privatelink.mysql.database.azure.com-vnetlink",
            "private_dns_zone_name": "archintran-88801f72c2-privatelink.mysql.database.azure.com",
            "registration_enabled": false,
            "resource_group_name": "Arch-wordpress-poc",
            "tags": {},
            "timeouts": null,
            "virtual_network_id": "/subscriptions/c3df6b60-25b3-4b7c-a9a5-ccf154f68963/resourceGroups/Arch-wordpress-poc/providers/Microsoft.Network/virtualNetworks/archintran-f0f2d998eb-vnet"
          },
          "sensitive_attributes": [],
          "private": "eyJlMmJmYjczMC1lY2FhLTExZTYtOGY4OC0zNDM2M2JjN2M0YzAiOnsiY3JlYXRlIjoxODAwMDAwMDAwMDAwLCJkZWxldGUiOjE4MDAwMDAwMDAwMDAsInJlYWQiOjMwMDAwMDAwMDAwMCwidXBkYXRlIjoxODAwMDAwMDAwMDAwfSwic2NoZW1hX3ZlcnNpb24iOiIwIn0="
        }
      ]
    },
    {
      "mode": "managed",
      "type": "azurerm_private_dns_zone_virtual_network_link",
      "name": "res-23",
      "provider": "provider[\"registry.terraform.io/hashicorp/azurerm\"]",
      "instances": [
        {
          "schema_version": 0,
          "attributes": {
            "id": "/subscriptions/c3df6b60-25b3-4b7c-a9a5-ccf154f68963/resourceGroups/Arch-wordpress-poc/providers/Microsoft.Network/privateDnsZones/privatelink.blob.core.windows.net/virtualNetworkLinks/ezyemrke6agus",
            "name": "ezyemrke6agus",
            "private_dns_zone_name": "privatelink.blob.core.windows.net",
            "registration_enabled": false,
            "resource_group_name": "Arch-wordpress-poc",
            "tags": {},
            "timeouts": null,
            "virtual_network_id": "/subscriptions/c3df6b60-25b3-4b7c-a9a5-ccf154f68963/resourceGroups/Arch-wordpress-poc/providers/Microsoft.Network/virtualNetworks/archintran-f0f2d998eb-vnet"
          },
          "sensitive_attributes": [],
          "private": "eyJlMmJmYjczMC1lY2FhLTExZTYtOGY4OC0zNDM2M2JjN2M0YzAiOnsiY3JlYXRlIjoxODAwMDAwMDAwMDAwLCJkZWxldGUiOjE4MDAwMDAwMDAwMDAsInJlYWQiOjMwMDAwMDAwMDAwMCwidXBkYXRlIjoxODAwMDAwMDAwMDAwfSwic2NoZW1hX3ZlcnNpb24iOiIwIn0="
        }
      ]
    },
    {
      "mode": "managed",
      "type": "azurerm_private_endpoint",
      "name": "res-24",
      "provider": "provider[\"registry.terraform.io/hashicorp/azurerm\"]",
      "instances": [
        {
          "schema_version": 0,
          "attributes": {
            "custom_dns_configs": [],
            "custom_network_interface_name": "archwordpresspe-nic",
            "id": "/subscriptions/c3df6b60-25b3-4b7c-a9a5-ccf154f68963/resourceGroups/Arch-wordpress-poc/providers/Microsoft.Network/privateEndpoints/archwordpresspe",
            "ip_configuration": [],
            "location": "eastus2",
            "name": "archwordpresspe",
            "network_interface": [
              {
                "id": "/subscriptions/c3df6b60-25b3-4b7c-a9a5-ccf154f68963/resourceGroups/Arch-wordpress-poc/providers/Microsoft.Network/networkInterfaces/archwordpresspe-nic",
                "name": "archwordpresspe-nic"
              }
            ],
            "private_dns_zone_configs": [
              {
                "id": "/subscriptions/c3df6b60-25b3-4b7c-a9a5-ccf154f68963/resourceGroups/Arch-wordpress-poc/providers/Microsoft.Network/privateEndpoints/archwordpresspe/privateDnsZoneGroups/default/privateDnsZoneConfigs/privatelink-blob-core-windows-net",
                "name": "privatelink-blob-core-windows-net",
                "private_dns_zone_id": "/subscriptions/c3df6b60-25b3-4b7c-a9a5-ccf154f68963/resourceGroups/arch-wordpress-poc/providers/Microsoft.Network/privateDnsZones/privatelink.blob.core.windows.net",
                "record_sets": []
              }
            ],
            "private_dns_zone_group": [
              {
                "id": "/subscriptions/c3df6b60-25b3-4b7c-a9a5-ccf154f68963/resourceGroups/Arch-wordpress-poc/providers/Microsoft.Network/privateEndpoints/archwordpresspe/privateDnsZoneGroups/default",
                "name": "default",
                "private_dns_zone_ids": [
                  "/subscriptions/c3df6b60-25b3-4b7c-a9a5-ccf154f68963/resourceGroups/arch-wordpress-poc/providers/Microsoft.Network/privateDnsZones/privatelink.blob.core.windows.net"
                ]
              }
            ],
            "private_service_connection": [
              {
                "is_manual_connection": false,
                "name": "archwordpresspe",
                "private_connection_resource_alias": "",
                "private_connection_resource_id": "/subscriptions/c3df6b60-25b3-4b7c-a9a5-ccf154f68963/resourceGroups/Arch-wordpress-poc/providers/Microsoft.Storage/storageAccounts/archintran229a63044e",
                "private_ip_address": "10.0.3.4",
                "request_message": "",
                "subresource_names": [
                  "blob"
                ]
              }
            ],
            "resource_group_name": "Arch-wordpress-poc",
            "subnet_id": "/subscriptions/c3df6b60-25b3-4b7c-a9a5-ccf154f68963/resourceGroups/Arch-wordpress-poc/providers/Microsoft.Network/virtualNetworks/archintran-f0f2d998eb-vnet/subnets/archintranetstoragepesubnet",
            "tags": {
              "ENV": "POC",
              "Entity": "Arch"
            },
            "timeouts": null
          },
          "sensitive_attributes": [],
          "private": "eyJlMmJmYjczMC1lY2FhLTExZTYtOGY4OC0zNDM2M2JjN2M0YzAiOnsiY3JlYXRlIjozNjAwMDAwMDAwMDAwLCJkZWxldGUiOjM2MDAwMDAwMDAwMDAsInJlYWQiOjMwMDAwMDAwMDAwMCwidXBkYXRlIjozNjAwMDAwMDAwMDAwfSwic2NoZW1hX3ZlcnNpb24iOiIwIn0="
        }
      ]
    },
    {
      "mode": "managed",
      "type": "azurerm_public_ip",
      "name": "res-26",
      "provider": "provider[\"registry.terraform.io/hashicorp/azurerm\"]",
      "instances": [
        {
          "schema_version": 0,
          "attributes": {
            "allocation_method": "Dynamic",
            "ddos_protection_mode": "VirtualNetworkInherited",
            "ddos_protection_plan_id": null,
            "domain_name_label": null,
            "edge_zone": "",
            "fqdn": null,
            "id": "/subscriptions/c3df6b60-25b3-4b7c-a9a5-ccf154f68963/resourceGroups/Arch-wordpress-poc/providers/Microsoft.Network/publicIPAddresses/archwordpresspip",
            "idle_timeout_in_minutes": 4,
            "ip_address": "",
            "ip_tags": {},
            "ip_version": "IPv4",
            "location": "eastus2",
            "name": "archwordpresspip",
            "public_ip_prefix_id": null,
            "resource_group_name": "Arch-wordpress-poc",
            "reverse_fqdn": null,
            "sku": "Basic",
            "sku_tier": "Regional",
            "tags": {},
            "timeouts": null,
            "zones": []
          },
          "sensitive_attributes": [],
          "private": "eyJlMmJmYjczMC1lY2FhLTExZTYtOGY4OC0zNDM2M2JjN2M0YzAiOnsiY3JlYXRlIjoxODAwMDAwMDAwMDAwLCJkZWxldGUiOjE4MDAwMDAwMDAwMDAsInJlYWQiOjMwMDAwMDAwMDAwMCwidXBkYXRlIjoxODAwMDAwMDAwMDAwfSwic2NoZW1hX3ZlcnNpb24iOiIwIn0="
        }
      ]
    },
    {
      "mode": "managed",
      "type": "azurerm_public_ip",
      "name": "res-27",
      "provider": "provider[\"registry.terraform.io/hashicorp/azurerm\"]",
      "instances": [
        {
          "schema_version": 0,
          "attributes": {
            "allocation_method": "Dynamic",
            "ddos_protection_mode": "VirtualNetworkInherited",
            "ddos_protection_plan_id": null,
            "domain_name_label": null,
            "edge_zone": "",
            "fqdn": null,
            "id": "/subscriptions/c3df6b60-25b3-4b7c-a9a5-ccf154f68963/resourceGroups/Arch-wordpress-poc/providers/Microsoft.Network/publicIPAddresses/archwordpresspip1",
            "idle_timeout_in_minutes": 4,
            "ip_address": "",
            "ip_tags": {},
            "ip_version": "IPv4",
            "location": "eastus2",
            "name": "archwordpresspip1",
            "public_ip_prefix_id": null,
            "resource_group_name": "Arch-wordpress-poc",
            "reverse_fqdn": null,
            "sku": "Basic",
            "sku_tier": "Regional",
            "tags": {},
            "timeouts": null,
            "zones": []
          },
          "sensitive_attributes": [],
          "private": "eyJlMmJmYjczMC1lY2FhLTExZTYtOGY4OC0zNDM2M2JjN2M0YzAiOnsiY3JlYXRlIjoxODAwMDAwMDAwMDAwLCJkZWxldGUiOjE4MDAwMDAwMDAwMDAsInJlYWQiOjMwMDAwMDAwMDAwMCwidXBkYXRlIjoxODAwMDAwMDAwMDAwfSwic2NoZW1hX3ZlcnNpb24iOiIwIn0="
        }
      ]
    },
    {
      "mode": "managed",
      "type": "azurerm_public_ip",
      "name": "res-28",
      "provider": "provider[\"registry.terraform.io/hashicorp/azurerm\"]",
      "instances": [
        {
          "schema_version": 0,
          "attributes": {
            "allocation_method": "Static",
            "ddos_protection_mode": "VirtualNetworkInherited",
            "ddos_protection_plan_id": null,
            "domain_name_label": null,
            "edge_zone": "",
            "fqdn": null,
            "id": "/subscriptions/c3df6b60-25b3-4b7c-a9a5-ccf154f68963/resourceGroups/Arch-wordpress-poc/providers/Microsoft.Network/publicIPAddresses/archwordpresspip2",
            "idle_timeout_in_minutes": 4,
            "ip_address": "172.177.162.86",
            "ip_tags": {},
            "ip_version": "IPv4",
            "location": "eastus2",
            "name": "archwordpresspip2",
            "public_ip_prefix_id": null,
            "resource_group_name": "Arch-wordpress-poc",
            "reverse_fqdn": null,
            "sku": "Standard",
            "sku_tier": "Regional",
            "tags": {},
            "timeouts": null,
            "zones": []
          },
          "sensitive_attributes": [],
          "private": "eyJlMmJmYjczMC1lY2FhLTExZTYtOGY4OC0zNDM2M2JjN2M0YzAiOnsiY3JlYXRlIjoxODAwMDAwMDAwMDAwLCJkZWxldGUiOjE4MDAwMDAwMDAwMDAsInJlYWQiOjMwMDAwMDAwMDAwMCwidXBkYXRlIjoxODAwMDAwMDAwMDAwfSwic2NoZW1hX3ZlcnNpb24iOiIwIn0="
        }
      ]
    },
    {
      "mode": "managed",
      "type": "azurerm_resource_group",
      "name": "res-0",
      "provider": "provider[\"registry.terraform.io/hashicorp/azurerm\"]",
      "instances": [
        {
          "schema_version": 0,
          "attributes": {
            "id": "/subscriptions/c3df6b60-25b3-4b7c-a9a5-ccf154f68963/resourceGroups/Arch-wordpress-poc",
            "location": "eastus2",
            "name": "Arch-wordpress-poc",
            "tags": {},
            "timeouts": null
          },
          "sensitive_attributes": [],
          "private": "eyJlMmJmYjczMC1lY2FhLTExZTYtOGY4OC0zNDM2M2JjN2M0YzAiOnsiY3JlYXRlIjo1NDAwMDAwMDAwMDAwLCJkZWxldGUiOjU0MDAwMDAwMDAwMDAsInJlYWQiOjMwMDAwMDAwMDAwMCwidXBkYXRlIjo1NDAwMDAwMDAwMDAwfSwic2NoZW1hX3ZlcnNpb24iOiIwIn0="
        }
      ]
    },
    {
      "mode": "managed",
      "type": "azurerm_service_plan",
      "name": "res-36",
      "provider": "provider[\"registry.terraform.io/hashicorp/azurerm\"]",
      "instances": [
        {
          "schema_version": 0,
          "attributes": {
            "app_service_environment_id": "",
            "id": "/subscriptions/c3df6b60-25b3-4b7c-a9a5-ccf154f68963/resourceGroups/Arch-wordpress-poc/providers/Microsoft.Web/serverfarms/ASP-Archwordpresspoc-8b3b",
            "kind": "linux",
            "location": "eastus2",
            "maximum_elastic_worker_count": 1,
            "name": "ASP-Archwordpresspoc-8b3b",
            "os_type": "Linux",
            "per_site_scaling_enabled": false,
            "reserved": true,
            "resource_group_name": "Arch-wordpress-poc",
            "sku_name": "B1",
            "tags": {
              "AppProfile": "Wordpress",
              "ENV": "POC",
              "Entity": "Arch"
            },
            "timeouts": null,
            "worker_count": 1,
            "zone_balancing_enabled": false
          },
          "sensitive_attributes": [],
          "private": "eyJlMmJmYjczMC1lY2FhLTExZTYtOGY4OC0zNDM2M2JjN2M0YzAiOnsiY3JlYXRlIjozNjAwMDAwMDAwMDAwLCJkZWxldGUiOjM2MDAwMDAwMDAwMDAsInJlYWQiOjMwMDAwMDAwMDAwMCwidXBkYXRlIjozNjAwMDAwMDAwMDAwfSwic2NoZW1hX3ZlcnNpb24iOiIwIn0="
        }
      ]
    },
    {
      "mode": "managed",
      "type": "azurerm_storage_account",
      "name": "res-29",
      "provider": "provider[\"registry.terraform.io/hashicorp/azurerm\"]",
      "instances": [
        {
          "schema_version": 3,
          "attributes": {
            "access_tier": "Hot",
            "account_kind": "StorageV2",
            "account_replication_type": "LRS",
            "account_tier": "Standard",
            "allow_nested_items_to_be_public": true,
            "allowed_copy_scope": "",
            "azure_files_authentication": [],
            "blob_properties": [
              {
                "change_feed_enabled": false,
                "change_feed_retention_in_days": 0,
                "container_delete_retention_policy": [
                  {
                    "days": 7
                  }
                ],
                "cors_rule": [],
                "default_service_version": "",
                "delete_retention_policy": [
                  {
                    "days": 7
                  }
                ],
                "last_access_time_enabled": false,
                "restore_policy": [],
                "versioning_enabled": false
              }
            ],
            "cross_tenant_replication_enabled": true,
            "custom_domain": [],
            "customer_managed_key": [],
            "default_to_oauth_authentication": false,
            "edge_zone": "",
            "enable_https_traffic_only": true,
            "id": "/subscriptions/c3df6b60-25b3-4b7c-a9a5-ccf154f68963/resourceGroups/Arch-wordpress-poc/providers/Microsoft.Storage/storageAccounts/archintran229a63044e",
            "identity": [],
            "immutability_policy": [],
            "infrastructure_encryption_enabled": false,
            "is_hns_enabled": false,
            "large_file_share_enabled": null,
            "location": "eastus2",
            "min_tls_version": "TLS1_2",
            "name": "archintran229a63044e",
            "network_rules": [
              {
                "bypass": [
                  "AzureServices"
                ],
                "default_action": "Deny",
                "ip_rules": [],
                "private_link_access": [],
                "virtual_network_subnet_ids": [
                  "/subscriptions/c3df6b60-25b3-4b7c-a9a5-ccf154f68963/resourceGroups/arch-wordpress-poc/providers/Microsoft.Network/virtualNetworks/archintran-f0f2d998eb-vnet/subnets/Archwordpressgwsubnet"
                ]
              }
            ],
            "nfsv3_enabled": false,
            "primary_access_key": "LUuMzaE1p43q4C1LrtNOpwcqaV7qVZ8Igu/5aDb/20PexV8PStjsM38vtj51AIlcYYtaQxbD8p6W+AStRqKyQg==",
            "primary_blob_connection_string": "DefaultEndpointsProtocol=https;BlobEndpoint=https://archintran229a63044e.blob.core.windows.net/;AccountName=archintran229a63044e;AccountKey=LUuMzaE1p43q4C1LrtNOpwcqaV7qVZ8Igu/5aDb/20PexV8PStjsM38vtj51AIlcYYtaQxbD8p6W+AStRqKyQg==",
            "primary_blob_endpoint": "https://archintran229a63044e.blob.core.windows.net/",
            "primary_blob_host": "archintran229a63044e.blob.core.windows.net",
            "primary_connection_string": "DefaultEndpointsProtocol=https;AccountName=archintran229a63044e;AccountKey=LUuMzaE1p43q4C1LrtNOpwcqaV7qVZ8Igu/5aDb/20PexV8PStjsM38vtj51AIlcYYtaQxbD8p6W+AStRqKyQg==;EndpointSuffix=core.windows.net",
            "primary_dfs_endpoint": "https://archintran229a63044e.dfs.core.windows.net/",
            "primary_dfs_host": "archintran229a63044e.dfs.core.windows.net",
            "primary_file_endpoint": "https://archintran229a63044e.file.core.windows.net/",
            "primary_file_host": "archintran229a63044e.file.core.windows.net",
            "primary_location": "eastus2",
            "primary_queue_endpoint": "https://archintran229a63044e.queue.core.windows.net/",
            "primary_queue_host": "archintran229a63044e.queue.core.windows.net",
            "primary_table_endpoint": "https://archintran229a63044e.table.core.windows.net/",
            "primary_table_host": "archintran229a63044e.table.core.windows.net",
            "primary_web_endpoint": "https://archintran229a63044e.z20.web.core.windows.net/",
            "primary_web_host": "archintran229a63044e.z20.web.core.windows.net",
            "public_network_access_enabled": true,
            "queue_encryption_key_type": "Service",
            "queue_properties": [
              {
                "cors_rule": [],
                "hour_metrics": [
                  {
                    "enabled": true,
                    "include_apis": true,
                    "retention_policy_days": 7,
                    "version": "1.0"
                  }
                ],
                "logging": [
                  {
                    "delete": false,
                    "read": false,
                    "retention_policy_days": 0,
                    "version": "1.0",
                    "write": false
                  }
                ],
                "minute_metrics": [
                  {
                    "enabled": false,
                    "include_apis": false,
                    "retention_policy_days": 0,
                    "version": "1.0"
                  }
                ]
              }
            ],
            "resource_group_name": "Arch-wordpress-poc",
            "routing": [],
            "sas_policy": [],
            "secondary_access_key": "6o3IPVAG7i60/7Mo9j9iDnwm1PujxlORKqIbruWBSXMJrcNBX1GXe/s4iGI1kSPPlGidYuBalyNM+AStZKxqeQ==",
            "secondary_blob_connection_string": "",
            "secondary_blob_endpoint": null,
            "secondary_blob_host": null,
            "secondary_connection_string": "DefaultEndpointsProtocol=https;AccountName=archintran229a63044e;AccountKey=6o3IPVAG7i60/7Mo9j9iDnwm1PujxlORKqIbruWBSXMJrcNBX1GXe/s4iGI1kSPPlGidYuBalyNM+AStZKxqeQ==;EndpointSuffix=core.windows.net",
            "secondary_dfs_endpoint": null,
            "secondary_dfs_host": null,
            "secondary_file_endpoint": null,
            "secondary_file_host": null,
            "secondary_location": "",
            "secondary_queue_endpoint": null,
            "secondary_queue_host": null,
            "secondary_table_endpoint": null,
            "secondary_table_host": null,
            "secondary_web_endpoint": null,
            "secondary_web_host": null,
            "sftp_enabled": false,
            "share_properties": [
              {
                "cors_rule": [],
                "retention_policy": [
                  {
                    "days": 7
                  }
                ],
                "smb": []
              }
            ],
            "shared_access_key_enabled": true,
            "static_website": [],
            "table_encryption_key_type": "Service",
            "tags": {
              "AppProfile": "Wordpress",
              "ENV": "POC",
              "Entity": "Arch"
            },
            "timeouts": null
          },
          "sensitive_attributes": [],
          "private": "eyJlMmJmYjczMC1lY2FhLTExZTYtOGY4OC0zNDM2M2JjN2M0YzAiOnsiY3JlYXRlIjozNjAwMDAwMDAwMDAwLCJkZWxldGUiOjM2MDAwMDAwMDAwMDAsInJlYWQiOjMwMDAwMDAwMDAwMCwidXBkYXRlIjozNjAwMDAwMDAwMDAwfSwic2NoZW1hX3ZlcnNpb24iOiIzIn0="
        }
      ]
    },
    {
      "mode": "managed",
      "type": "azurerm_storage_container",
      "name": "res-31",
      "provider": "provider[\"registry.terraform.io/hashicorp/azurerm\"]",
      "instances": [
        {
          "schema_version": 1,
          "attributes": {
            "container_access_type": "blob",
            "has_immutability_policy": false,
            "has_legal_hold": false,
            "id": "https://archintran229a63044e.blob.core.windows.net/blobarchintran229a63044e",
            "metadata": {},
            "name": "blobarchintran229a63044e",
            "resource_manager_id": "/subscriptions/c3df6b60-25b3-4b7c-a9a5-ccf154f68963/resourceGroups/Arch-wordpress-poc/providers/Microsoft.Storage/storageAccounts/archintran229a63044e/blobServices/default/containers/blobarchintran229a63044e",
            "storage_account_name": "archintran229a63044e",
            "timeouts": null
          },
          "sensitive_attributes": [],
          "private": "eyJlMmJmYjczMC1lY2FhLTExZTYtOGY4OC0zNDM2M2JjN2M0YzAiOnsiY3JlYXRlIjoxODAwMDAwMDAwMDAwLCJkZWxldGUiOjE4MDAwMDAwMDAwMDAsInJlYWQiOjMwMDAwMDAwMDAwMCwidXBkYXRlIjoxODAwMDAwMDAwMDAwfSwic2NoZW1hX3ZlcnNpb24iOiIxIn0="
        }
      ]
    },
    {
      "mode": "managed",
      "type": "azurerm_subnet",
      "name": "res-185",
      "provider": "provider[\"registry.terraform.io/hashicorp/azurerm\"]",
      "instances": [
        {
          "schema_version": 0,
          "attributes": {
            "address_prefixes": [
              "10.0.2.0/24"
            ],
            "delegation": [],
            "enforce_private_link_endpoint_network_policies": true,
            "enforce_private_link_service_network_policies": false,
            "id": "/subscriptions/c3df6b60-25b3-4b7c-a9a5-ccf154f68963/resourceGroups/arch-wordpress-poc/providers/Microsoft.Network/virtualNetworks/archintran-f0f2d998eb-vnet/subnets/Archwordpressgwsubnet",
            "name": "Archwordpressgwsubnet",
            "private_endpoint_network_policies_enabled": false,
            "private_link_service_network_policies_enabled": true,
            "resource_group_name": "arch-wordpress-poc",
            "service_endpoint_policy_ids": [],
            "service_endpoints": [
              "Microsoft.Storage"
            ],
            "timeouts": null,
            "virtual_network_name": "archintran-f0f2d998eb-vnet"
          },
          "sensitive_attributes": [],
          "private": "eyJlMmJmYjczMC1lY2FhLTExZTYtOGY4OC0zNDM2M2JjN2M0YzAiOnsiY3JlYXRlIjoxODAwMDAwMDAwMDAwLCJkZWxldGUiOjE4MDAwMDAwMDAwMDAsInJlYWQiOjMwMDAwMDAwMDAwMCwidXBkYXRlIjoxODAwMDAwMDAwMDAwfSwic2NoZW1hX3ZlcnNpb24iOiIwIn0="
        }
      ]
    },
    {
      "mode": "managed",
      "type": "azurerm_subnet",
      "name": "res-187",
      "provider": "provider[\"registry.terraform.io/hashicorp/azurerm\"]",
      "instances": [
        {
          "schema_version": 0,
          "attributes": {
            "address_prefixes": [
              "10.0.0.0/24"
            ],
            "delegation": [
              {
                "name": "dlg-appService",
                "service_delegation": [
                  {
                    "actions": [
                      "Microsoft.Network/virtualNetworks/subnets/action"
                    ],
                    "name": "Microsoft.Web/serverFarms"
                  }
                ]
              }
            ],
            "enforce_private_link_endpoint_network_policies": true,
            "enforce_private_link_service_network_policies": false,
            "id": "/subscriptions/c3df6b60-25b3-4b7c-a9a5-ccf154f68963/resourceGroups/arch-wordpress-poc/providers/Microsoft.Network/virtualNetworks/archintran-f0f2d998eb-vnet/subnets/archintran-88801f72c2-appsubnet",
            "name": "archintran-88801f72c2-appsubnet",
            "private_endpoint_network_policies_enabled": false,
            "private_link_service_network_policies_enabled": true,
            "resource_group_name": "arch-wordpress-poc",
            "service_endpoint_policy_ids": [],
            "service_endpoints": [
              "Microsoft.Storage"
            ],
            "timeouts": null,
            "virtual_network_name": "archintran-f0f2d998eb-vnet"
          },
          "sensitive_attributes": [],
          "private": "eyJlMmJmYjczMC1lY2FhLTExZTYtOGY4OC0zNDM2M2JjN2M0YzAiOnsiY3JlYXRlIjoxODAwMDAwMDAwMDAwLCJkZWxldGUiOjE4MDAwMDAwMDAwMDAsInJlYWQiOjMwMDAwMDAwMDAwMCwidXBkYXRlIjoxODAwMDAwMDAwMDAwfSwic2NoZW1hX3ZlcnNpb24iOiIwIn0="
        }
      ]
    },
    {
      "mode": "managed",
      "type": "azurerm_subnet",
      "name": "res-189",
      "provider": "provider[\"registry.terraform.io/hashicorp/azurerm\"]",
      "instances": [
        {
          "schema_version": 0,
          "attributes": {
            "address_prefixes": [
              "10.0.1.0/24"
            ],
            "delegation": [
              {
                "name": "dlg-appService",
                "service_delegation": [
                  {
                    "actions": [
                      "Microsoft.Network/virtualNetworks/subnets/join/action"
                    ],
                    "name": "Microsoft.DBforMySQL/flexibleServers"
                  }
                ]
              }
            ],
            "enforce_private_link_endpoint_network_policies": true,
            "enforce_private_link_service_network_policies": false,
            "id": "/subscriptions/c3df6b60-25b3-4b7c-a9a5-ccf154f68963/resourceGroups/arch-wordpress-poc/providers/Microsoft.Network/virtualNetworks/archintran-f0f2d998eb-vnet/subnets/archintran-88801f72c2-dbsubnet",
            "name": "archintran-88801f72c2-dbsubnet",
            "private_endpoint_network_policies_enabled": false,
            "private_link_service_network_policies_enabled": true,
            "resource_group_name": "arch-wordpress-poc",
            "service_endpoint_policy_ids": [],
            "service_endpoints": [],
            "timeouts": null,
            "virtual_network_name": "archintran-f0f2d998eb-vnet"
          },
          "sensitive_attributes": [],
          "private": "eyJlMmJmYjczMC1lY2FhLTExZTYtOGY4OC0zNDM2M2JjN2M0YzAiOnsiY3JlYXRlIjoxODAwMDAwMDAwMDAwLCJkZWxldGUiOjE4MDAwMDAwMDAwMDAsInJlYWQiOjMwMDAwMDAwMDAwMCwidXBkYXRlIjoxODAwMDAwMDAwMDAwfSwic2NoZW1hX3ZlcnNpb24iOiIwIn0="
        }
      ]
    },
    {
      "mode": "managed",
      "type": "azurerm_subnet",
      "name": "res-191",
      "provider": "provider[\"registry.terraform.io/hashicorp/azurerm\"]",
      "instances": [
        {
          "schema_version": 0,
          "attributes": {
            "address_prefixes": [
              "10.0.3.0/24"
            ],
            "delegation": [],
            "enforce_private_link_endpoint_network_policies": true,
            "enforce_private_link_service_network_policies": false,
            "id": "/subscriptions/c3df6b60-25b3-4b7c-a9a5-ccf154f68963/resourceGroups/arch-wordpress-poc/providers/Microsoft.Network/virtualNetworks/archintran-f0f2d998eb-vnet/subnets/archintranetstoragepesubnet",
            "name": "archintranetstoragepesubnet",
            "private_endpoint_network_policies_enabled": false,
            "private_link_service_network_policies_enabled": true,
            "resource_group_name": "arch-wordpress-poc",
            "service_endpoint_policy_ids": [],
            "service_endpoints": [],
            "timeouts": null,
            "virtual_network_name": "archintran-f0f2d998eb-vnet"
          },
          "sensitive_attributes": [],
          "private": "eyJlMmJmYjczMC1lY2FhLTExZTYtOGY4OC0zNDM2M2JjN2M0YzAiOnsiY3JlYXRlIjoxODAwMDAwMDAwMDAwLCJkZWxldGUiOjE4MDAwMDAwMDAwMDAsInJlYWQiOjMwMDAwMDAwMDAwMCwidXBkYXRlIjoxODAwMDAwMDAwMDAwfSwic2NoZW1hX3ZlcnNpb24iOiIwIn0="
        }
      ]
    },
    {
      "mode": "managed",
      "type": "azurerm_subnet_network_security_group_association",
      "name": "res-186",
      "provider": "provider[\"registry.terraform.io/hashicorp/azurerm\"]",
      "instances": [
        {
          "schema_version": 0,
          "attributes": {
            "id": "/subscriptions/c3df6b60-25b3-4b7c-a9a5-ccf154f68963/resourceGroups/arch-wordpress-poc/providers/Microsoft.Network/virtualNetworks/archintran-f0f2d998eb-vnet/subnets/Archwordpressgwsubnet",
            "network_security_group_id": "/subscriptions/c3df6b60-25b3-4b7c-a9a5-ccf154f68963/resourceGroups/arch-wordpress-poc/providers/Microsoft.Network/networkSecurityGroups/archintran-f0f2d998eb-vnet-Archwordpressgwsubnet-nsg-eastus2",
            "subnet_id": "/subscriptions/c3df6b60-25b3-4b7c-a9a5-ccf154f68963/resourceGroups/arch-wordpress-poc/providers/Microsoft.Network/virtualNetworks/archintran-f0f2d998eb-vnet/subnets/Archwordpressgwsubnet",
            "timeouts": null
          },
          "sensitive_attributes": [],
          "private": "eyJlMmJmYjczMC1lY2FhLTExZTYtOGY4OC0zNDM2M2JjN2M0YzAiOnsiY3JlYXRlIjoxODAwMDAwMDAwMDAwLCJkZWxldGUiOjE4MDAwMDAwMDAwMDAsInJlYWQiOjMwMDAwMDAwMDAwMCwidXBkYXRlIjoxODAwMDAwMDAwMDAwfSwic2NoZW1hX3ZlcnNpb24iOiIwIn0="
        }
      ]
    },
    {
      "mode": "managed",
      "type": "azurerm_subnet_network_security_group_association",
      "name": "res-188",
      "provider": "provider[\"registry.terraform.io/hashicorp/azurerm\"]",
      "instances": [
        {
          "schema_version": 0,
          "attributes": {
            "id": "/subscriptions/c3df6b60-25b3-4b7c-a9a5-ccf154f68963/resourceGroups/arch-wordpress-poc/providers/Microsoft.Network/virtualNetworks/archintran-f0f2d998eb-vnet/subnets/archintran-88801f72c2-appsubnet",
            "network_security_group_id": "/subscriptions/c3df6b60-25b3-4b7c-a9a5-ccf154f68963/resourceGroups/arch-wordpress-poc/providers/Microsoft.Network/networkSecurityGroups/archintran-f0f2d998eb-vnet-archintran-88801f72c2-appsubnet-nsg-eastus2",
            "subnet_id": "/subscriptions/c3df6b60-25b3-4b7c-a9a5-ccf154f68963/resourceGroups/arch-wordpress-poc/providers/Microsoft.Network/virtualNetworks/archintran-f0f2d998eb-vnet/subnets/archintran-88801f72c2-appsubnet",
            "timeouts": null
          },
          "sensitive_attributes": [],
          "private": "eyJlMmJmYjczMC1lY2FhLTExZTYtOGY4OC0zNDM2M2JjN2M0YzAiOnsiY3JlYXRlIjoxODAwMDAwMDAwMDAwLCJkZWxldGUiOjE4MDAwMDAwMDAwMDAsInJlYWQiOjMwMDAwMDAwMDAwMCwidXBkYXRlIjoxODAwMDAwMDAwMDAwfSwic2NoZW1hX3ZlcnNpb24iOiIwIn0="
        }
      ]
    },
    {
      "mode": "managed",
      "type": "azurerm_subnet_network_security_group_association",
      "name": "res-190",
      "provider": "provider[\"registry.terraform.io/hashicorp/azurerm\"]",
      "instances": [
        {
          "schema_version": 0,
          "attributes": {
            "id": "/subscriptions/c3df6b60-25b3-4b7c-a9a5-ccf154f68963/resourceGroups/arch-wordpress-poc/providers/Microsoft.Network/virtualNetworks/archintran-f0f2d998eb-vnet/subnets/archintran-88801f72c2-dbsubnet",
            "network_security_group_id": "/subscriptions/c3df6b60-25b3-4b7c-a9a5-ccf154f68963/resourceGroups/arch-wordpress-poc/providers/Microsoft.Network/networkSecurityGroups/archintran-f0f2d998eb-vnet-archintran-88801f72c2-dbsubnet-nsg-eastus2",
            "subnet_id": "/subscriptions/c3df6b60-25b3-4b7c-a9a5-ccf154f68963/resourceGroups/arch-wordpress-poc/providers/Microsoft.Network/virtualNetworks/archintran-f0f2d998eb-vnet/subnets/archintran-88801f72c2-dbsubnet",
            "timeouts": null
          },
          "sensitive_attributes": [],
          "private": "eyJlMmJmYjczMC1lY2FhLTExZTYtOGY4OC0zNDM2M2JjN2M0YzAiOnsiY3JlYXRlIjoxODAwMDAwMDAwMDAwLCJkZWxldGUiOjE4MDAwMDAwMDAwMDAsInJlYWQiOjMwMDAwMDAwMDAwMCwidXBkYXRlIjoxODAwMDAwMDAwMDAwfSwic2NoZW1hX3ZlcnNpb24iOiIwIn0="
        }
      ]
    },
    {
      "mode": "managed",
      "type": "azurerm_subnet_network_security_group_association",
      "name": "res-192",
      "provider": "provider[\"registry.terraform.io/hashicorp/azurerm\"]",
      "instances": [
        {
          "schema_version": 0,
          "attributes": {
            "id": "/subscriptions/c3df6b60-25b3-4b7c-a9a5-ccf154f68963/resourceGroups/arch-wordpress-poc/providers/Microsoft.Network/virtualNetworks/archintran-f0f2d998eb-vnet/subnets/archintranetstoragepesubnet",
            "network_security_group_id": "/subscriptions/c3df6b60-25b3-4b7c-a9a5-ccf154f68963/resourceGroups/arch-wordpress-poc/providers/Microsoft.Network/networkSecurityGroups/archintran-f0f2d998eb-vnet-archintranetstoragepesubnet-nsg-eastus2",
            "subnet_id": "/subscriptions/c3df6b60-25b3-4b7c-a9a5-ccf154f68963/resourceGroups/arch-wordpress-poc/providers/Microsoft.Network/virtualNetworks/archintran-f0f2d998eb-vnet/subnets/archintranetstoragepesubnet",
            "timeouts": null
          },
          "sensitive_attributes": [],
          "private": "eyJlMmJmYjczMC1lY2FhLTExZTYtOGY4OC0zNDM2M2JjN2M0YzAiOnsiY3JlYXRlIjoxODAwMDAwMDAwMDAwLCJkZWxldGUiOjE4MDAwMDAwMDAwMDAsInJlYWQiOjMwMDAwMDAwMDAwMCwidXBkYXRlIjoxODAwMDAwMDAwMDAwfSwic2NoZW1hX3ZlcnNpb24iOiIwIn0="
        }
      ]
    },
    {
      "mode": "managed",
      "type": "azurerm_virtual_network",
      "name": "res-184",
      "provider": "provider[\"registry.terraform.io/hashicorp/azurerm\"]",
      "instances": [
        {
          "schema_version": 0,
          "attributes": {
            "address_space": [
              "10.0.0.0/16"
            ],
            "bgp_community": "",
            "ddos_protection_plan": [],
            "dns_servers": [],
            "edge_zone": "",
            "flow_timeout_in_minutes": 0,
            "guid": "c1eac291-d076-4833-940d-3184de6b71b0",
            "id": "/subscriptions/c3df6b60-25b3-4b7c-a9a5-ccf154f68963/resourceGroups/arch-wordpress-poc/providers/Microsoft.Network/virtualNetworks/archintran-f0f2d998eb-vnet",
            "location": "eastus2",
            "name": "archintran-f0f2d998eb-vnet",
            "resource_group_name": "arch-wordpress-poc",
            "subnet": [
              {
                "address_prefix": "10.0.0.0/24",
                "id": "/subscriptions/c3df6b60-25b3-4b7c-a9a5-ccf154f68963/resourceGroups/arch-wordpress-poc/providers/Microsoft.Network/virtualNetworks/archintran-f0f2d998eb-vnet/subnets/archintran-88801f72c2-appsubnet",
                "name": "archintran-88801f72c2-appsubnet",
                "security_group": "/subscriptions/c3df6b60-25b3-4b7c-a9a5-ccf154f68963/resourceGroups/arch-wordpress-poc/providers/Microsoft.Network/networkSecurityGroups/archintran-f0f2d998eb-vnet-archintran-88801f72c2-appsubnet-nsg-eastus2"
              },
              {
                "address_prefix": "10.0.1.0/24",
                "id": "/subscriptions/c3df6b60-25b3-4b7c-a9a5-ccf154f68963/resourceGroups/arch-wordpress-poc/providers/Microsoft.Network/virtualNetworks/archintran-f0f2d998eb-vnet/subnets/archintran-88801f72c2-dbsubnet",
                "name": "archintran-88801f72c2-dbsubnet",
                "security_group": "/subscriptions/c3df6b60-25b3-4b7c-a9a5-ccf154f68963/resourceGroups/arch-wordpress-poc/providers/Microsoft.Network/networkSecurityGroups/archintran-f0f2d998eb-vnet-archintran-88801f72c2-dbsubnet-nsg-eastus2"
              },
              {
                "address_prefix": "10.0.2.0/24",
                "id": "/subscriptions/c3df6b60-25b3-4b7c-a9a5-ccf154f68963/resourceGroups/arch-wordpress-poc/providers/Microsoft.Network/virtualNetworks/archintran-f0f2d998eb-vnet/subnets/Archwordpressgwsubnet",
                "name": "Archwordpressgwsubnet",
                "security_group": "/subscriptions/c3df6b60-25b3-4b7c-a9a5-ccf154f68963/resourceGroups/arch-wordpress-poc/providers/Microsoft.Network/networkSecurityGroups/archintran-f0f2d998eb-vnet-Archwordpressgwsubnet-nsg-eastus2"
              },
              {
                "address_prefix": "10.0.3.0/24",
                "id": "/subscriptions/c3df6b60-25b3-4b7c-a9a5-ccf154f68963/resourceGroups/arch-wordpress-poc/providers/Microsoft.Network/virtualNetworks/archintran-f0f2d998eb-vnet/subnets/archintranetstoragepesubnet",
                "name": "archintranetstoragepesubnet",
                "security_group": "/subscriptions/c3df6b60-25b3-4b7c-a9a5-ccf154f68963/resourceGroups/arch-wordpress-poc/providers/Microsoft.Network/networkSecurityGroups/archintran-f0f2d998eb-vnet-archintranetstoragepesubnet-nsg-eastus2"
              }
            ],
            "tags": {
              "AppProfile": "Wordpress",
              "ENV": "POC",
              "Entity": "Arch"
            },
            "timeouts": null
          },
          "sensitive_attributes": [],
          "private": "eyJlMmJmYjczMC1lY2FhLTExZTYtOGY4OC0zNDM2M2JjN2M0YzAiOnsiY3JlYXRlIjoxODAwMDAwMDAwMDAwLCJkZWxldGUiOjE4MDAwMDAwMDAwMDAsInJlYWQiOjMwMDAwMDAwMDAwMCwidXBkYXRlIjoxODAwMDAwMDAwMDAwfSwic2NoZW1hX3ZlcnNpb24iOiIwIn0="
        }
      ]
    },
    {
      "mode": "managed",
      "type": "azurerm_web_application_firewall_policy",
      "name": "res-18",
      "provider": "provider[\"registry.terraform.io/hashicorp/azurerm\"]",
      "instances": [
        {
          "schema_version": 0,
          "attributes": {
            "custom_rules": [],
            "http_listener_ids": [],
            "id": "/subscriptions/c3df6b60-25b3-4b7c-a9a5-ccf154f68963/resourceGroups/Arch-wordpress-poc/providers/Microsoft.Network/ApplicationGatewayWebApplicationFirewallPolicies/archpocwafpolicy",
            "location": "eastus2",
            "managed_rules": [
              {
                "exclusion": [],
                "managed_rule_set": [
                  {
                    "rule_group_override": [],
                    "type": "OWASP",
                    "version": "3.2"
                  }
                ]
              }
            ],
            "name": "archpocwafpolicy",
            "path_based_rule_ids": [],
            "policy_settings": [
              {
                "enabled": true,
                "file_upload_limit_in_mb": 100,
                "max_request_body_size_in_kb": 128,
                "mode": "Detection",
                "request_body_check": true
              }
            ],
            "resource_group_name": "Arch-wordpress-poc",
            "tags": {},
            "timeouts": null
          },
          "sensitive_attributes": [],
          "private": "eyJlMmJmYjczMC1lY2FhLTExZTYtOGY4OC0zNDM2M2JjN2M0YzAiOnsiY3JlYXRlIjoxODAwMDAwMDAwMDAwLCJkZWxldGUiOjE4MDAwMDAwMDAwMDAsInJlYWQiOjMwMDAwMDAwMDAwMCwidXBkYXRlIjoxODAwMDAwMDAwMDAwfSwic2NoZW1hX3ZlcnNpb24iOiIwIn0="
        }
      ]
    }
  ],
  "check_results": null
}
